// !$*UTF8*$!
{
	archiveVersion = 1;
	classes = {
	};
	objectVersion = 50;
	objects = {

/* Begin PBXBuildFile section */
		1C9F25F1237CB88A0090A955 /* AppDelegate.swift in Sources */ = {isa = PBXBuildFile; fileRef = 1C9F25F0237CB88A0090A955 /* AppDelegate.swift */; };
		1C9F25F3237CB88A0090A955 /* SceneDelegate.swift in Sources */ = {isa = PBXBuildFile; fileRef = 1C9F25F2237CB88A0090A955 /* SceneDelegate.swift */; };
		1C9F25F5237CB88A0090A955 /* ViewController.swift in Sources */ = {isa = PBXBuildFile; fileRef = 1C9F25F4237CB88A0090A955 /* ViewController.swift */; };
		1C9F25F8237CB88A0090A955 /* Main.storyboard in Resources */ = {isa = PBXBuildFile; fileRef = 1C9F25F6237CB88A0090A955 /* Main.storyboard */; };
		1C9F25FA237CB88B0090A955 /* Assets.xcassets in Resources */ = {isa = PBXBuildFile; fileRef = 1C9F25F9237CB88B0090A955 /* Assets.xcassets */; };
		1C9F25FD237CB88B0090A955 /* LaunchScreen.storyboard in Resources */ = {isa = PBXBuildFile; fileRef = 1C9F25FB237CB88B0090A955 /* LaunchScreen.storyboard */; };
		1C9F263D237CC97B0090A955 /* LoadingUI.framework in Frameworks */ = {isa = PBXBuildFile; fileRef = 1C9F263C237CC94C0090A955 /* LoadingUI.framework */; };
		1C9F263E237CC97B0090A955 /* LoadingUI.framework in Embed Frameworks */ = {isa = PBXBuildFile; fileRef = 1C9F263C237CC94C0090A955 /* LoadingUI.framework */; settings = {ATTRIBUTES = (CodeSignOnCopy, RemoveHeadersOnCopy, ); }; };
/* End PBXBuildFile section */

/* Begin PBXContainerItemProxy section */
		1C9F2604237CB88B0090A955 /* PBXContainerItemProxy */ = {
			isa = PBXContainerItemProxy;
			containerPortal = 1C9F25E5237CB88A0090A955 /* Project object */;
			proxyType = 1;
			remoteGlobalIDString = 1C9F25EC237CB88A0090A955;
			remoteInfo = LoadingUITest;
		};
		1C9F263B237CC94C0090A955 /* PBXContainerItemProxy */ = {
			isa = PBXContainerItemProxy;
			containerPortal = 1C9F2637237CC94C0090A955 /* LoadingUI.xcodeproj */;
			proxyType = 2;
			remoteGlobalIDString = 1C9F262C237CC9230090A955;
			remoteInfo = LoadingUI;
		};
/* End PBXContainerItemProxy section */

/* Begin PBXCopyFilesBuildPhase section */
		1C9F263F237CC97B0090A955 /* Embed Frameworks */ = {
			isa = PBXCopyFilesBuildPhase;
			buildActionMask = 2147483647;
			dstPath = "";
			dstSubfolderSpec = 10;
			files = (
				1C9F263E237CC97B0090A955 /* LoadingUI.framework in Embed Frameworks */,
			);
			name = "Embed Frameworks";
			runOnlyForDeploymentPostprocessing = 0;
		};
/* End PBXCopyFilesBuildPhase section */

/* Begin PBXFileReference section */
		1C9F25ED237CB88A0090A955 /* LoadingUITest.app */ = {isa = PBXFileReference; explicitFileType = wrapper.application; includeInIndex = 0; path = LoadingUITest.app; sourceTree = BUILT_PRODUCTS_DIR; };
		1C9F25F0237CB88A0090A955 /* AppDelegate.swift */ = {isa = PBXFileReference; lastKnownFileType = sourcecode.swift; path = AppDelegate.swift; sourceTree = "<group>"; };
		1C9F25F2237CB88A0090A955 /* SceneDelegate.swift */ = {isa = PBXFileReference; lastKnownFileType = sourcecode.swift; path = SceneDelegate.swift; sourceTree = "<group>"; };
		1C9F25F4237CB88A0090A955 /* ViewController.swift */ = {isa = PBXFileReference; lastKnownFileType = sourcecode.swift; path = ViewController.swift; sourceTree = "<group>"; };
		1C9F25F7237CB88A0090A955 /* Base */ = {isa = PBXFileReference; lastKnownFileType = file.storyboard; name = Base; path = Base.lproj/Main.storyboard; sourceTree = "<group>"; };
		1C9F25F9237CB88B0090A955 /* Assets.xcassets */ = {isa = PBXFileReference; lastKnownFileType = folder.assetcatalog; path = Assets.xcassets; sourceTree = "<group>"; };
		1C9F25FC237CB88B0090A955 /* Base */ = {isa = PBXFileReference; lastKnownFileType = file.storyboard; name = Base; path = Base.lproj/LaunchScreen.storyboard; sourceTree = "<group>"; };
		1C9F25FE237CB88B0090A955 /* Info.plist */ = {isa = PBXFileReference; lastKnownFileType = text.plist.xml; path = Info.plist; sourceTree = "<group>"; };
		1C9F2603237CB88B0090A955 /* LoadingUITestUITests.xctest */ = {isa = PBXFileReference; explicitFileType = wrapper.cfbundle; includeInIndex = 0; path = LoadingUITestUITests.xctest; sourceTree = BUILT_PRODUCTS_DIR; };
		1C9F2637237CC94C0090A955 /* LoadingUI.xcodeproj */ = {isa = PBXFileReference; lastKnownFileType = "wrapper.pb-project"; name = LoadingUI.xcodeproj; path = ../LoadingUI/LoadingUI.xcodeproj; sourceTree = "<group>"; };
/* End PBXFileReference section */

/* Begin PBXFrameworksBuildPhase section */
		1C9F25EA237CB88A0090A955 /* Frameworks */ = {
			isa = PBXFrameworksBuildPhase;
			buildActionMask = 2147483647;
			files = (
				1C9F263D237CC97B0090A955 /* LoadingUI.framework in Frameworks */,
			);
			runOnlyForDeploymentPostprocessing = 0;
		};
		1C9F2600237CB88B0090A955 /* Frameworks */ = {
			isa = PBXFrameworksBuildPhase;
			buildActionMask = 2147483647;
			files = (
			);
			runOnlyForDeploymentPostprocessing = 0;
		};
/* End PBXFrameworksBuildPhase section */

/* Begin PBXGroup section */
		1C9F25E4237CB88A0090A955 = {
			isa = PBXGroup;
			children = (
				1C9F25EF237CB88A0090A955 /* LoadingUITest */,
				1C9F25EE237CB88A0090A955 /* Products */,
				1C9F2618237CBA480090A955 /* Frameworks */,
			);
			sourceTree = "<group>";
		};
		1C9F25EE237CB88A0090A955 /* Products */ = {
			isa = PBXGroup;
			children = (
				1C9F25ED237CB88A0090A955 /* LoadingUITest.app */,
				1C9F2603237CB88B0090A955 /* LoadingUITestUITests.xctest */,
			);
			name = Products;
			sourceTree = "<group>";
		};
		1C9F25EF237CB88A0090A955 /* LoadingUITest */ = {
			isa = PBXGroup;
			children = (
				1C9F25F0237CB88A0090A955 /* AppDelegate.swift */,
				1C9F25F2237CB88A0090A955 /* SceneDelegate.swift */,
				1C9F25F4237CB88A0090A955 /* ViewController.swift */,
				1C9F25F6237CB88A0090A955 /* Main.storyboard */,
				1C9F25F9237CB88B0090A955 /* Assets.xcassets */,
				1C9F25FB237CB88B0090A955 /* LaunchScreen.storyboard */,
				1C9F25FE237CB88B0090A955 /* Info.plist */,
			);
			path = LoadingUITest;
			sourceTree = "<group>";
		};
		1C9F2618237CBA480090A955 /* Frameworks */ = {
			isa = PBXGroup;
			children = (
				1C9F2637237CC94C0090A955 /* LoadingUI.xcodeproj */,
			);
			name = Frameworks;
			sourceTree = "<group>";
		};
		1C9F2638237CC94C0090A955 /* Products */ = {
			isa = PBXGroup;
			children = (
				1C9F263C237CC94C0090A955 /* LoadingUI.framework */,
			);
			name = Products;
			sourceTree = "<group>";
		};
/* End PBXGroup section */

/* Begin PBXNativeTarget section */
		1C9F25EC237CB88A0090A955 /* LoadingUITest */ = {
			isa = PBXNativeTarget;
			buildConfigurationList = 1C9F260C237CB88B0090A955 /* Build configuration list for PBXNativeTarget "LoadingUITest" */;
			buildPhases = (
				1C9F25E9237CB88A0090A955 /* Sources */,
				1C9F25EA237CB88A0090A955 /* Frameworks */,
				1C9F25EB237CB88A0090A955 /* Resources */,
				1C9F263F237CC97B0090A955 /* Embed Frameworks */,
			);
			buildRules = (
			);
			dependencies = (
			);
			name = LoadingUITest;
			productName = LoadingUITest;
			productReference = 1C9F25ED237CB88A0090A955 /* LoadingUITest.app */;
			productType = "com.apple.product-type.application";
		};
		1C9F2602237CB88B0090A955 /* LoadingUITestUITests */ = {
			isa = PBXNativeTarget;
			buildConfigurationList = 1C9F260F237CB88B0090A955 /* Build configuration list for PBXNativeTarget "LoadingUITestUITests" */;
			buildPhases = (
				1C9F25FF237CB88B0090A955 /* Sources */,
				1C9F2600237CB88B0090A955 /* Frameworks */,
				1C9F2601237CB88B0090A955 /* Resources */,
			);
			buildRules = (
			);
			dependencies = (
				1C9F2605237CB88B0090A955 /* PBXTargetDependency */,
			);
			name = LoadingUITestUITests;
			productName = LoadingUITestUITests;
			productReference = 1C9F2603237CB88B0090A955 /* LoadingUITestUITests.xctest */;
			productType = "com.apple.product-type.bundle.ui-testing";
		};
/* End PBXNativeTarget section */

/* Begin PBXProject section */
		1C9F25E5237CB88A0090A955 /* Project object */ = {
			isa = PBXProject;
			attributes = {
				LastSwiftUpdateCheck = 1120;
				LastUpgradeCheck = 1120;
				ORGANIZATIONNAME = "Jerry haaser";
				TargetAttributes = {
					1C9F25EC237CB88A0090A955 = {
						CreatedOnToolsVersion = 11.2;
					};
					1C9F2602237CB88B0090A955 = {
						CreatedOnToolsVersion = 11.2;
						TestTargetID = 1C9F25EC237CB88A0090A955;
					};
				};
			};
			buildConfigurationList = 1C9F25E8237CB88A0090A955 /* Build configuration list for PBXProject "LoadingUITest" */;
			compatibilityVersion = "Xcode 9.3";
			developmentRegion = en;
			hasScannedForEncodings = 0;
			knownRegions = (
				en,
				Base,
			);
			mainGroup = 1C9F25E4237CB88A0090A955;
			productRefGroup = 1C9F25EE237CB88A0090A955 /* Products */;
			projectDirPath = "";
			projectReferences = (
				{
					ProductGroup = 1C9F2638237CC94C0090A955 /* Products */;
					ProjectRef = 1C9F2637237CC94C0090A955 /* LoadingUI.xcodeproj */;
				},
			);
			projectRoot = "";
			targets = (
				1C9F25EC237CB88A0090A955 /* LoadingUITest */,
				1C9F2602237CB88B0090A955 /* LoadingUITestUITests */,
			);
		};
/* End PBXProject section */

/* Begin PBXReferenceProxy section */
		1C9F263C237CC94C0090A955 /* LoadingUI.framework */ = {
			isa = PBXReferenceProxy;
			fileType = wrapper.framework;
			path = LoadingUI.framework;
			remoteRef = 1C9F263B237CC94C0090A955 /* PBXContainerItemProxy */;
			sourceTree = BUILT_PRODUCTS_DIR;
		};
/* End PBXReferenceProxy section */

/* Begin PBXResourcesBuildPhase section */
		1C9F25EB237CB88A0090A955 /* Resources */ = {
			isa = PBXResourcesBuildPhase;
			buildActionMask = 2147483647;
			files = (
				1C9F25FD237CB88B0090A955 /* LaunchScreen.storyboard in Resources */,
				1C9F25FA237CB88B0090A955 /* Assets.xcassets in Resources */,
				1C9F25F8237CB88A0090A955 /* Main.storyboard in Resources */,
			);
			runOnlyForDeploymentPostprocessing = 0;
		};
		1C9F2601237CB88B0090A955 /* Resources */ = {
			isa = PBXResourcesBuildPhase;
			buildActionMask = 2147483647;
			files = (
			);
			runOnlyForDeploymentPostprocessing = 0;
		};
/* End PBXResourcesBuildPhase section */

/* Begin PBXSourcesBuildPhase section */
		1C9F25E9237CB88A0090A955 /* Sources */ = {
			isa = PBXSourcesBuildPhase;
			buildActionMask = 2147483647;
			files = (
				1C9F25F5237CB88A0090A955 /* ViewController.swift in Sources */,
				1C9F25F1237CB88A0090A955 /* AppDelegate.swift in Sources */,
				1C9F25F3237CB88A0090A955 /* SceneDelegate.swift in Sources */,
			);
			runOnlyForDeploymentPostprocessing = 0;
		};
		1C9F25FF237CB88B0090A955 /* Sources */ = {
			isa = PBXSourcesBuildPhase;
			buildActionMask = 2147483647;
			files = (
			);
			runOnlyForDeploymentPostprocessing = 0;
		};
/* End PBXSourcesBuildPhase section */

/* Begin PBXTargetDependency section */
		1C9F2605237CB88B0090A955 /* PBXTargetDependency */ = {
			isa = PBXTargetDependency;
			target = 1C9F25EC237CB88A0090A955 /* LoadingUITest */;
			targetProxy = 1C9F2604237CB88B0090A955 /* PBXContainerItemProxy */;
		};
/* End PBXTargetDependency section */

/* Begin PBXVariantGroup section */
		1C9F25F6237CB88A0090A955 /* Main.storyboard */ = {
			isa = PBXVariantGroup;
			children = (
				1C9F25F7237CB88A0090A955 /* Base */,
			);
			name = Main.storyboard;
			sourceTree = "<group>";
		};
		1C9F25FB237CB88B0090A955 /* LaunchScreen.storyboard */ = {
			isa = PBXVariantGroup;
			children = (
				1C9F25FC237CB88B0090A955 /* Base */,
			);
			name = LaunchScreen.storyboard;
			sourceTree = "<group>";
		};
/* End PBXVariantGroup section */

/* Begin XCBuildConfiguration section */
		1C9F260A237CB88B0090A955 /* Debug */ = {
			isa = XCBuildConfiguration;
			buildSettings = {
				ALWAYS_SEARCH_USER_PATHS = NO;
				CLANG_ANALYZER_NONNULL = YES;
				CLANG_ANALYZER_NUMBER_OBJECT_CONVERSION = YES_AGGRESSIVE;
				CLANG_CXX_LANGUAGE_STANDARD = "gnu++14";
				CLANG_CXX_LIBRARY = "libc++";
				CLANG_ENABLE_MODULES = YES;
				CLANG_ENABLE_OBJC_ARC = YES;
				CLANG_ENABLE_OBJC_WEAK = YES;
				CLANG_WARN_BLOCK_CAPTURE_AUTORELEASING = YES;
				CLANG_WARN_BOOL_CONVERSION = YES;
				CLANG_WARN_COMMA = YES;
				CLANG_WARN_CONSTANT_CONVERSION = YES;
				CLANG_WARN_DEPRECATED_OBJC_IMPLEMENTATIONS = YES;
				CLANG_WARN_DIRECT_OBJC_ISA_USAGE = YES_ERROR;
				CLANG_WARN_DOCUMENTATION_COMMENTS = YES;
				CLANG_WARN_EMPTY_BODY = YES;
				CLANG_WARN_ENUM_CONVERSION = YES;
				CLANG_WARN_INFINITE_RECURSION = YES;
				CLANG_WARN_INT_CONVERSION = YES;
				CLANG_WARN_NON_LITERAL_NULL_CONVERSION = YES;
				CLANG_WARN_OBJC_IMPLICIT_RETAIN_SELF = YES;
				CLANG_WARN_OBJC_LITERAL_CONVERSION = YES;
				CLANG_WARN_OBJC_ROOT_CLASS = YES_ERROR;
				CLANG_WARN_RANGE_LOOP_ANALYSIS = YES;
				CLANG_WARN_STRICT_PROTOTYPES = YES;
				CLANG_WARN_SUSPICIOUS_MOVE = YES;
				CLANG_WARN_UNGUARDED_AVAILABILITY = YES_AGGRESSIVE;
				CLANG_WARN_UNREACHABLE_CODE = YES;
				CLANG_WARN__DUPLICATE_METHOD_MATCH = YES;
				COPY_PHASE_STRIP = NO;
				DEBUG_INFORMATION_FORMAT = dwarf;
				ENABLE_STRICT_OBJC_MSGSEND = YES;
				ENABLE_TESTABILITY = YES;
				GCC_C_LANGUAGE_STANDARD = gnu11;
				GCC_DYNAMIC_NO_PIC = NO;
				GCC_NO_COMMON_BLOCKS = YES;
				GCC_OPTIMIZATION_LEVEL = 0;
				GCC_PREPROCESSOR_DEFINITIONS = (
					"DEBUG=1",
					"$(inherited)",
				);
				GCC_WARN_64_TO_32_BIT_CONVERSION = YES;
				GCC_WARN_ABOUT_RETURN_TYPE = YES_ERROR;
				GCC_WARN_UNDECLARED_SELECTOR = YES;
				GCC_WARN_UNINITIALIZED_AUTOS = YES_AGGRESSIVE;
				GCC_WARN_UNUSED_FUNCTION = YES;
				GCC_WARN_UNUSED_VARIABLE = YES;
				IPHONEOS_DEPLOYMENT_TARGET = 13.2;
				MTL_ENABLE_DEBUG_INFO = INCLUDE_SOURCE;
				MTL_FAST_MATH = YES;
				ONLY_ACTIVE_ARCH = YES;
				SDKROOT = iphoneos;
				SWIFT_ACTIVE_COMPILATION_CONDITIONS = DEBUG;
				SWIFT_OPTIMIZATION_LEVEL = "-Onone";
			};
			name = Debug;
		};
		1C9F260B237CB88B0090A955 /* Release */ = {
			isa = XCBuildConfiguration;
			buildSettings = {
				ALWAYS_SEARCH_USER_PATHS = NO;
				CLANG_ANALYZER_NONNULL = YES;
				CLANG_ANALYZER_NUMBER_OBJECT_CONVERSION = YES_AGGRESSIVE;
				CLANG_CXX_LANGUAGE_STANDARD = "gnu++14";
				CLANG_CXX_LIBRARY = "libc++";
				CLANG_ENABLE_MODULES = YES;
				CLANG_ENABLE_OBJC_ARC = YES;
				CLANG_ENABLE_OBJC_WEAK = YES;
				CLANG_WARN_BLOCK_CAPTURE_AUTORELEASING = YES;
				CLANG_WARN_BOOL_CONVERSION = YES;
				CLANG_WARN_COMMA = YES;
				CLANG_WARN_CONSTANT_CONVERSION = YES;
				CLANG_WARN_DEPRECATED_OBJC_IMPLEMENTATIONS = YES;
				CLANG_WARN_DIRECT_OBJC_ISA_USAGE = YES_ERROR;
				CLANG_WARN_DOCUMENTATION_COMMENTS = YES;
				CLANG_WARN_EMPTY_BODY = YES;
				CLANG_WARN_ENUM_CONVERSION = YES;
				CLANG_WARN_INFINITE_RECURSION = YES;
				CLANG_WARN_INT_CONVERSION = YES;
				CLANG_WARN_NON_LITERAL_NULL_CONVERSION = YES;
				CLANG_WARN_OBJC_IMPLICIT_RETAIN_SELF = YES;
				CLANG_WARN_OBJC_LITERAL_CONVERSION = YES;
				CLANG_WARN_OBJC_ROOT_CLASS = YES_ERROR;
				CLANG_WARN_RANGE_LOOP_ANALYSIS = YES;
				CLANG_WARN_STRICT_PROTOTYPES = YES;
				CLANG_WARN_SUSPICIOUS_MOVE = YES;
				CLANG_WARN_UNGUARDED_AVAILABILITY = YES_AGGRESSIVE;
				CLANG_WARN_UNREACHABLE_CODE = YES;
				CLANG_WARN__DUPLICATE_METHOD_MATCH = YES;
				COPY_PHASE_STRIP = NO;
				DEBUG_INFORMATION_FORMAT = "dwarf-with-dsym";
				ENABLE_NS_ASSERTIONS = NO;
				ENABLE_STRICT_OBJC_MSGSEND = YES;
				GCC_C_LANGUAGE_STANDARD = gnu11;
				GCC_NO_COMMON_BLOCKS = YES;
				GCC_WARN_64_TO_32_BIT_CONVERSION = YES;
				GCC_WARN_ABOUT_RETURN_TYPE = YES_ERROR;
				GCC_WARN_UNDECLARED_SELECTOR = YES;
				GCC_WARN_UNINITIALIZED_AUTOS = YES_AGGRESSIVE;
				GCC_WARN_UNUSED_FUNCTION = YES;
				GCC_WARN_UNUSED_VARIABLE = YES;
				IPHONEOS_DEPLOYMENT_TARGET = 13.2;
				MTL_ENABLE_DEBUG_INFO = NO;
				MTL_FAST_MATH = YES;
				SDKROOT = iphoneos;
				SWIFT_COMPILATION_MODE = wholemodule;
				SWIFT_OPTIMIZATION_LEVEL = "-O";
				VALIDATE_PRODUCT = YES;
			};
			name = Release;
		};
		1C9F260D237CB88B0090A955 /* Debug */ = {
			isa = XCBuildConfiguration;
			buildSettings = {
				ASSETCATALOG_COMPILER_APPICON_NAME = AppIcon;
				CODE_SIGN_STYLE = Automatic;
				INFOPLIST_FILE = LoadingUITest/Info.plist;
				LD_RUNPATH_SEARCH_PATHS = (
					"$(inherited)",
					"@executable_path/Frameworks",
				);
				PRODUCT_BUNDLE_IDENTIFIER = com.jerryhaaser.LoadingUITest;
				PRODUCT_NAME = "$(TARGET_NAME)";
				SWIFT_VERSION = 5.0;
				TARGETED_DEVICE_FAMILY = "1,2";
			};
			name = Debug;
		};
		1C9F260E237CB88B0090A955 /* Release */ = {
			isa = XCBuildConfiguration;
			buildSettings = {
				ASSETCATALOG_COMPILER_APPICON_NAME = AppIcon;
				CODE_SIGN_STYLE = Automatic;
				INFOPLIST_FILE = LoadingUITest/Info.plist;
				LD_RUNPATH_SEARCH_PATHS = (
					"$(inherited)",
					"@executable_path/Frameworks",
				);
				PRODUCT_BUNDLE_IDENTIFIER = com.jerryhaaser.LoadingUITest;
				PRODUCT_NAME = "$(TARGET_NAME)";
				SWIFT_VERSION = 5.0;
				TARGETED_DEVICE_FAMILY = "1,2";
			};
			name = Release;
		};
		1C9F2610237CB88B0090A955 /* Debug */ = {
			isa = XCBuildConfiguration;
			buildSettings = {
				ALWAYS_EMBED_SWIFT_STANDARD_LIBRARIES = YES;
				CODE_SIGN_STYLE = Automatic;
				INFOPLIST_FILE = LoadingUITestUITests/Info.plist;
				LD_RUNPATH_SEARCH_PATHS = (
					"$(inherited)",
					"@executable_path/Frameworks",
					"@loader_path/Frameworks",
				);
				PRODUCT_BUNDLE_IDENTIFIER = com.jerryhaaser.LoadingUITestUITests;
				PRODUCT_NAME = "$(TARGET_NAME)";
				SWIFT_VERSION = 5.0;
				TARGETED_DEVICE_FAMILY = "1,2";
				TEST_TARGET_NAME = LoadingUITest;
			};
			name = Debug;
		};
		1C9F2611237CB88B0090A955 /* Release */ = {
			isa = XCBuildConfiguration;
			buildSettings = {
				ALWAYS_EMBED_SWIFT_STANDARD_LIBRARIES = YES;
				CODE_SIGN_STYLE = Automatic;
				INFOPLIST_FILE = LoadingUITestUITests/Info.plist;
				LD_RUNPATH_SEARCH_PATHS = (
					"$(inherited)",
					"@executable_path/Frameworks",
					"@loader_path/Frameworks",
				);
				PRODUCT_BUNDLE_IDENTIFIER = com.jerryhaaser.LoadingUITestUITests;
				PRODUCT_NAME = "$(TARGET_NAME)";
				SWIFT_VERSION = 5.0;
				TARGETED_DEVICE_FAMILY = "1,2";
				TEST_TARGET_NAME = LoadingUITest;
			};
			name = Release;
		};
/* End XCBuildConfiguration section */

/* Begin XCConfigurationList section */
		1C9F25E8237CB88A0090A955 /* Build configuration list for PBXProject "LoadingUITest" */ = {
			isa = XCConfigurationList;
			buildConfigurations = (
				1C9F260A237CB88B0090A955 /* Debug */,
				1C9F260B237CB88B0090A955 /* Release */,
			);
			defaultConfigurationIsVisible = 0;
			defaultConfigurationName = Release;
		};
		1C9F260C237CB88B0090A955 /* Build configuration list for PBXNativeTarget "LoadingUITest" */ = {
			isa = XCConfigurationList;
			buildConfigurations = (
				1C9F260D237CB88B0090A955 /* Debug */,
				1C9F260E237CB88B0090A955 /* Release */,
			);
			defaultConfigurationIsVisible = 0;
			defaultConfigurationName = Release;
		};
		1C9F260F237CB88B0090A955 /* Build configuration list for PBXNativeTarget "LoadingUITestUITests" */ = {
			isa = XCConfigurationList;
			buildConfigurations = (
				1C9F2610237CB88B0090A955 /* Debug */,
				1C9F2611237CB88B0090A955 /* Release */,
			);
			defaultConfigurationIsVisible = 0;
			defaultConfigurationName = Release;
		};
/* End XCConfigurationList section */
	};
	rootObject = 1C9F25E5237CB88A0090A955 /* Project object */;
}
