// !$*UTF8*$!
{
	archiveVersion = 1;
	classes = {
	};
	objectVersion = 50;
	objects = {

/* Begin PBXBuildFile section */
		13EBA7B22450DAA9004B3778 /* AppDelegate.swift in Sources */ = {isa = PBXBuildFile; fileRef = 13EBA7B12450DAA9004B3778 /* AppDelegate.swift */; };
		13EBA7B42450DAA9004B3778 /* SceneDelegate.swift in Sources */ = {isa = PBXBuildFile; fileRef = 13EBA7B32450DAA9004B3778 /* SceneDelegate.swift */; };
		13EBA7B62450DAA9004B3778 /* ViewController.swift in Sources */ = {isa = PBXBuildFile; fileRef = 13EBA7B52450DAA9004B3778 /* ViewController.swift */; };
		13EBA7B92450DAA9004B3778 /* Main.storyboard in Resources */ = {isa = PBXBuildFile; fileRef = 13EBA7B72450DAA9004B3778 /* Main.storyboard */; };
		13EBA7BB2450DAAB004B3778 /* Assets.xcassets in Resources */ = {isa = PBXBuildFile; fileRef = 13EBA7BA2450DAAB004B3778 /* Assets.xcassets */; };
		13EBA7BE2450DAAB004B3778 /* LaunchScreen.storyboard in Resources */ = {isa = PBXBuildFile; fileRef = 13EBA7BC2450DAAB004B3778 /* LaunchScreen.storyboard */; };
		13EBA7CC2450DB38004B3778 /* LoadingUI.framework in Frameworks */ = {isa = PBXBuildFile; fileRef = 13EBA7CB2450DB16004B3778 /* LoadingUI.framework */; };
		13EBA7CD2450DB38004B3778 /* LoadingUI.framework in Embed Frameworks */ = {isa = PBXBuildFile; fileRef = 13EBA7CB2450DB16004B3778 /* LoadingUI.framework */; settings = {ATTRIBUTES = (CodeSignOnCopy, RemoveHeadersOnCopy, ); }; };
/* End PBXBuildFile section */

/* Begin PBXContainerItemProxy section */
		13EBA7CA2450DB16004B3778 /* PBXContainerItemProxy */ = {
			isa = PBXContainerItemProxy;
			containerPortal = 13EBA7C62450DB16004B3778 /* LoadingUI.xcodeproj */;
			proxyType = 2;
			remoteGlobalIDString = 13EBA79A2450DA79004B3778;
			remoteInfo = LoadingUI;
		};
		13EBA7CF2450DB48004B3778 /* PBXContainerItemProxy */ = {
			isa = PBXContainerItemProxy;
			containerPortal = 13EBA7C62450DB16004B3778 /* LoadingUI.xcodeproj */;
			proxyType = 1;
			remoteGlobalIDString = 13EBA7992450DA79004B3778;
			remoteInfo = LoadingUI;
		};
/* End PBXContainerItemProxy section */

/* Begin PBXCopyFilesBuildPhase section */
		13EBA7CE2450DB38004B3778 /* Embed Frameworks */ = {
			isa = PBXCopyFilesBuildPhase;
			buildActionMask = 2147483647;
			dstPath = "";
			dstSubfolderSpec = 10;
			files = (
				13EBA7CD2450DB38004B3778 /* LoadingUI.framework in Embed Frameworks */,
			);
			name = "Embed Frameworks";
			runOnlyForDeploymentPostprocessing = 0;
		};
/* End PBXCopyFilesBuildPhase section */

/* Begin PBXFileReference section */
		13EBA7AE2450DAA9004B3778 /* LoadingUITest.app */ = {isa = PBXFileReference; explicitFileType = wrapper.application; includeInIndex = 0; path = LoadingUITest.app; sourceTree = BUILT_PRODUCTS_DIR; };
		13EBA7B12450DAA9004B3778 /* AppDelegate.swift */ = {isa = PBXFileReference; lastKnownFileType = sourcecode.swift; path = AppDelegate.swift; sourceTree = "<group>"; };
		13EBA7B32450DAA9004B3778 /* SceneDelegate.swift */ = {isa = PBXFileReference; lastKnownFileType = sourcecode.swift; path = SceneDelegate.swift; sourceTree = "<group>"; };
		13EBA7B52450DAA9004B3778 /* ViewController.swift */ = {isa = PBXFileReference; lastKnownFileType = sourcecode.swift; path = ViewController.swift; sourceTree = "<group>"; };
		13EBA7B82450DAA9004B3778 /* Base */ = {isa = PBXFileReference; lastKnownFileType = file.storyboard; name = Base; path = Base.lproj/Main.storyboard; sourceTree = "<group>"; };
		13EBA7BA2450DAAB004B3778 /* Assets.xcassets */ = {isa = PBXFileReference; lastKnownFileType = folder.assetcatalog; path = Assets.xcassets; sourceTree = "<group>"; };
		13EBA7BD2450DAAB004B3778 /* Base */ = {isa = PBXFileReference; lastKnownFileType = file.storyboard; name = Base; path = Base.lproj/LaunchScreen.storyboard; sourceTree = "<group>"; };
		13EBA7BF2450DAAB004B3778 /* Info.plist */ = {isa = PBXFileReference; lastKnownFileType = text.plist.xml; path = Info.plist; sourceTree = "<group>"; };
		13EBA7C62450DB16004B3778 /* LoadingUI.xcodeproj */ = {isa = PBXFileReference; lastKnownFileType = "wrapper.pb-project"; name = LoadingUI.xcodeproj; path = ../../LoadingUI/LoadingUI.xcodeproj; sourceTree = "<group>"; };
/* End PBXFileReference section */

/* Begin PBXFrameworksBuildPhase section */
		13EBA7AB2450DAA9004B3778 /* Frameworks */ = {
			isa = PBXFrameworksBuildPhase;
			buildActionMask = 2147483647;
			files = (
				13EBA7CC2450DB38004B3778 /* LoadingUI.framework in Frameworks */,
			);
			runOnlyForDeploymentPostprocessing = 0;
		};
/* End PBXFrameworksBuildPhase section */

/* Begin PBXGroup section */
		13EBA7A52450DAA9004B3778 = {
			isa = PBXGroup;
			children = (
				13EBA7B02450DAA9004B3778 /* LoadingUITest */,
				13EBA7C52450DB05004B3778 /* Frameworks */,
				13EBA7AF2450DAA9004B3778 /* Products */,
			);
			sourceTree = "<group>";
		};
		13EBA7AF2450DAA9004B3778 /* Products */ = {
			isa = PBXGroup;
			children = (
				13EBA7AE2450DAA9004B3778 /* LoadingUITest.app */,
			);
			name = Products;
			sourceTree = "<group>";
		};
		13EBA7B02450DAA9004B3778 /* LoadingUITest */ = {
			isa = PBXGroup;
			children = (
				13EBA7B12450DAA9004B3778 /* AppDelegate.swift */,
				13EBA7B32450DAA9004B3778 /* SceneDelegate.swift */,
				13EBA7B52450DAA9004B3778 /* ViewController.swift */,
				13EBA7B72450DAA9004B3778 /* Main.storyboard */,
				13EBA7BA2450DAAB004B3778 /* Assets.xcassets */,
				13EBA7BC2450DAAB004B3778 /* LaunchScreen.storyboard */,
				13EBA7BF2450DAAB004B3778 /* Info.plist */,
			);
			path = LoadingUITest;
			sourceTree = "<group>";
		};
		13EBA7C52450DB05004B3778 /* Frameworks */ = {
			isa = PBXGroup;
			children = (
				13EBA7C62450DB16004B3778 /* LoadingUI.xcodeproj */,
			);
			name = Frameworks;
			path = LoadingUITest;
			sourceTree = "<group>";
		};
		13EBA7C72450DB16004B3778 /* Products */ = {
			isa = PBXGroup;
			children = (
				13EBA7CB2450DB16004B3778 /* LoadingUI.framework */,
			);
			name = Products;
			sourceTree = "<group>";
		};
/* End PBXGroup section */

/* Begin PBXNativeTarget section */
		13EBA7AD2450DAA9004B3778 /* LoadingUITest */ = {
			isa = PBXNativeTarget;
			buildConfigurationList = 13EBA7C22450DAAB004B3778 /* Build configuration list for PBXNativeTarget "LoadingUITest" */;
			buildPhases = (
				13EBA7AA2450DAA9004B3778 /* Sources */,
				13EBA7AB2450DAA9004B3778 /* Frameworks */,
				13EBA7AC2450DAA9004B3778 /* Resources */,
				13EBA7CE2450DB38004B3778 /* Embed Frameworks */,
			);
			buildRules = (
			);
			dependencies = (
				13EBA7D02450DB48004B3778 /* PBXTargetDependency */,
			);
			name = LoadingUITest;
			productName = LoadingUITest;
			productReference = 13EBA7AE2450DAA9004B3778 /* LoadingUITest.app */;
			productType = "com.apple.product-type.application";
		};
/* End PBXNativeTarget section */

/* Begin PBXProject section */
		13EBA7A62450DAA9004B3778 /* Project object */ = {
			isa = PBXProject;
			attributes = {
				LastSwiftUpdateCheck = 1140;
				LastUpgradeCheck = 1140;
				ORGANIZATIONNAME = "Wyatt Harrell";
				TargetAttributes = {
					13EBA7AD2450DAA9004B3778 = {
						CreatedOnToolsVersion = 11.4.1;
					};
				};
			};
			buildConfigurationList = 13EBA7A92450DAA9004B3778 /* Build configuration list for PBXProject "LoadingUITest" */;
			compatibilityVersion = "Xcode 9.3";
			developmentRegion = en;
			hasScannedForEncodings = 0;
			knownRegions = (
				en,
				Base,
			);
			mainGroup = 13EBA7A52450DAA9004B3778;
			productRefGroup = 13EBA7AF2450DAA9004B3778 /* Products */;
			projectDirPath = "";
			projectReferences = (
				{
					ProductGroup = 13EBA7C72450DB16004B3778 /* Products */;
					ProjectRef = 13EBA7C62450DB16004B3778 /* LoadingUI.xcodeproj */;
				},
			);
			projectRoot = "";
			targets = (
				13EBA7AD2450DAA9004B3778 /* LoadingUITest */,
			);
		};
/* End PBXProject section */

/* Begin PBXReferenceProxy section */
		13EBA7CB2450DB16004B3778 /* LoadingUI.framework */ = {
			isa = PBXReferenceProxy;
			fileType = wrapper.framework;
			path = LoadingUI.framework;
			remoteRef = 13EBA7CA2450DB16004B3778 /* PBXContainerItemProxy */;
			sourceTree = BUILT_PRODUCTS_DIR;
		};
/* End PBXReferenceProxy section */

/* Begin PBXResourcesBuildPhase section */
		13EBA7AC2450DAA9004B3778 /* Resources */ = {
			isa = PBXResourcesBuildPhase;
			buildActionMask = 2147483647;
			files = (
				13EBA7BE2450DAAB004B3778 /* LaunchScreen.storyboard in Resources */,
				13EBA7BB2450DAAB004B3778 /* Assets.xcassets in Resources */,
				13EBA7B92450DAA9004B3778 /* Main.storyboard in Resources */,
			);
			runOnlyForDeploymentPostprocessing = 0;
		};
/* End PBXResourcesBuildPhase section */

/* Begin PBXSourcesBuildPhase section */
		13EBA7AA2450DAA9004B3778 /* Sources */ = {
			isa = PBXSourcesBuildPhase;
			buildActionMask = 2147483647;
			files = (
				13EBA7B62450DAA9004B3778 /* ViewController.swift in Sources */,
				13EBA7B22450DAA9004B3778 /* AppDelegate.swift in Sources */,
				13EBA7B42450DAA9004B3778 /* SceneDelegate.swift in Sources */,
			);
			runOnlyForDeploymentPostprocessing = 0;
		};
/* End PBXSourcesBuildPhase section */

/* Begin PBXTargetDependency section */
		13EBA7D02450DB48004B3778 /* PBXTargetDependency */ = {
			isa = PBXTargetDependency;
			name = LoadingUI;
			targetProxy = 13EBA7CF2450DB48004B3778 /* PBXContainerItemProxy */;
		};
/* End PBXTargetDependency section */

/* Begin PBXVariantGroup section */
		13EBA7B72450DAA9004B3778 /* Main.storyboard */ = {
			isa = PBXVariantGroup;
			children = (
				13EBA7B82450DAA9004B3778 /* Base */,
			);
			name = Main.storyboard;
			sourceTree = "<group>";
		};
		13EBA7BC2450DAAB004B3778 /* LaunchScreen.storyboard */ = {
			isa = PBXVariantGroup;
			children = (
				13EBA7BD2450DAAB004B3778 /* Base */,
			);
			name = LaunchScreen.storyboard;
			sourceTree = "<group>";
		};
/* End PBXVariantGroup section */

/* Begin XCBuildConfiguration section */
		13EBA7C02450DAAB004B3778 /* Debug */ = {
			isa = XCBuildConfiguration;
			buildSettings = {
				ALWAYS_SEARCH_USER_PATHS = NO;
				CLANG_ANALYZER_NONNULL = YES;
				CLANG_ANALYZER_NUMBER_OBJECT_CONVERSION = YES_AGGRESSIVE;
				CLANG_CXX_LANGUAGE_STANDARD = "gnu++14";
				CLANG_CXX_LIBRARY = "libc++";
				CLANG_ENABLE_MODULES = YES;
				CLANG_ENABLE_OBJC_ARC = YES;
				CLANG_ENABLE_OBJC_WEAK = YES;
				CLANG_WARN_BLOCK_CAPTURE_AUTORELEASING = YES;
				CLANG_WARN_BOOL_CONVERSION = YES;
				CLANG_WARN_COMMA = YES;
				CLANG_WARN_CONSTANT_CONVERSION = YES;
				CLANG_WARN_DEPRECATED_OBJC_IMPLEMENTATIONS = YES;
				CLANG_WARN_DIRECT_OBJC_ISA_USAGE = YES_ERROR;
				CLANG_WARN_DOCUMENTATION_COMMENTS = YES;
				CLANG_WARN_EMPTY_BODY = YES;
				CLANG_WARN_ENUM_CONVERSION = YES;
				CLANG_WARN_INFINITE_RECURSION = YES;
				CLANG_WARN_INT_CONVERSION = YES;
				CLANG_WARN_NON_LITERAL_NULL_CONVERSION = YES;
				CLANG_WARN_OBJC_IMPLICIT_RETAIN_SELF = YES;
				CLANG_WARN_OBJC_LITERAL_CONVERSION = YES;
				CLANG_WARN_OBJC_ROOT_CLASS = YES_ERROR;
				CLANG_WARN_RANGE_LOOP_ANALYSIS = YES;
				CLANG_WARN_STRICT_PROTOTYPES = YES;
				CLANG_WARN_SUSPICIOUS_MOVE = YES;
				CLANG_WARN_UNGUARDED_AVAILABILITY = YES_AGGRESSIVE;
				CLANG_WARN_UNREACHABLE_CODE = YES;
				CLANG_WARN__DUPLICATE_METHOD_MATCH = YES;
				COPY_PHASE_STRIP = NO;
				DEBUG_INFORMATION_FORMAT = dwarf;
				ENABLE_STRICT_OBJC_MSGSEND = YES;
				ENABLE_TESTABILITY = YES;
				GCC_C_LANGUAGE_STANDARD = gnu11;
				GCC_DYNAMIC_NO_PIC = NO;
				GCC_NO_COMMON_BLOCKS = YES;
				GCC_OPTIMIZATION_LEVEL = 0;
				GCC_PREPROCESSOR_DEFINITIONS = (
					"DEBUG=1",
					"$(inherited)",
				);
				GCC_WARN_64_TO_32_BIT_CONVERSION = YES;
				GCC_WARN_ABOUT_RETURN_TYPE = YES_ERROR;
				GCC_WARN_UNDECLARED_SELECTOR = YES;
				GCC_WARN_UNINITIALIZED_AUTOS = YES_AGGRESSIVE;
				GCC_WARN_UNUSED_FUNCTION = YES;
				GCC_WARN_UNUSED_VARIABLE = YES;
				IPHONEOS_DEPLOYMENT_TARGET = 13.4;
				MTL_ENABLE_DEBUG_INFO = INCLUDE_SOURCE;
				MTL_FAST_MATH = YES;
				ONLY_ACTIVE_ARCH = YES;
				SDKROOT = iphoneos;
				SWIFT_ACTIVE_COMPILATION_CONDITIONS = DEBUG;
				SWIFT_OPTIMIZATION_LEVEL = "-Onone";
			};
			name = Debug;
		};
		13EBA7C12450DAAB004B3778 /* Release */ = {
			isa = XCBuildConfiguration;
			buildSettings = {
				ALWAYS_SEARCH_USER_PATHS = NO;
				CLANG_ANALYZER_NONNULL = YES;
				CLANG_ANALYZER_NUMBER_OBJECT_CONVERSION = YES_AGGRESSIVE;
				CLANG_CXX_LANGUAGE_STANDARD = "gnu++14";
				CLANG_CXX_LIBRARY = "libc++";
				CLANG_ENABLE_MODULES = YES;
				CLANG_ENABLE_OBJC_ARC = YES;
				CLANG_ENABLE_OBJC_WEAK = YES;
				CLANG_WARN_BLOCK_CAPTURE_AUTORELEASING = YES;
				CLANG_WARN_BOOL_CONVERSION = YES;
				CLANG_WARN_COMMA = YES;
				CLANG_WARN_CONSTANT_CONVERSION = YES;
				CLANG_WARN_DEPRECATED_OBJC_IMPLEMENTATIONS = YES;
				CLANG_WARN_DIRECT_OBJC_ISA_USAGE = YES_ERROR;
				CLANG_WARN_DOCUMENTATION_COMMENTS = YES;
				CLANG_WARN_EMPTY_BODY = YES;
				CLANG_WARN_ENUM_CONVERSION = YES;
				CLANG_WARN_INFINITE_RECURSION = YES;
				CLANG_WARN_INT_CONVERSION = YES;
				CLANG_WARN_NON_LITERAL_NULL_CONVERSION = YES;
				CLANG_WARN_OBJC_IMPLICIT_RETAIN_SELF = YES;
				CLANG_WARN_OBJC_LITERAL_CONVERSION = YES;
				CLANG_WARN_OBJC_ROOT_CLASS = YES_ERROR;
				CLANG_WARN_RANGE_LOOP_ANALYSIS = YES;
				CLANG_WARN_STRICT_PROTOTYPES = YES;
				CLANG_WARN_SUSPICIOUS_MOVE = YES;
				CLANG_WARN_UNGUARDED_AVAILABILITY = YES_AGGRESSIVE;
				CLANG_WARN_UNREACHABLE_CODE = YES;
				CLANG_WARN__DUPLICATE_METHOD_MATCH = YES;
				COPY_PHASE_STRIP = NO;
				DEBUG_INFORMATION_FORMAT = "dwarf-with-dsym";
				ENABLE_NS_ASSERTIONS = NO;
				ENABLE_STRICT_OBJC_MSGSEND = YES;
				GCC_C_LANGUAGE_STANDARD = gnu11;
				GCC_NO_COMMON_BLOCKS = YES;
				GCC_WARN_64_TO_32_BIT_CONVERSION = YES;
				GCC_WARN_ABOUT_RETURN_TYPE = YES_ERROR;
				GCC_WARN_UNDECLARED_SELECTOR = YES;
				GCC_WARN_UNINITIALIZED_AUTOS = YES_AGGRESSIVE;
				GCC_WARN_UNUSED_FUNCTION = YES;
				GCC_WARN_UNUSED_VARIABLE = YES;
				IPHONEOS_DEPLOYMENT_TARGET = 13.4;
				MTL_ENABLE_DEBUG_INFO = NO;
				MTL_FAST_MATH = YES;
				SDKROOT = iphoneos;
				SWIFT_COMPILATION_MODE = wholemodule;
				SWIFT_OPTIMIZATION_LEVEL = "-O";
				VALIDATE_PRODUCT = YES;
			};
			name = Release;
		};
		13EBA7C32450DAAB004B3778 /* Debug */ = {
			isa = XCBuildConfiguration;
			buildSettings = {
				ASSETCATALOG_COMPILER_APPICON_NAME = AppIcon;
				CODE_SIGN_STYLE = Automatic;
				DEVELOPMENT_TEAM = 8TUR2W3V73;
				INFOPLIST_FILE = LoadingUITest/Info.plist;
				LD_RUNPATH_SEARCH_PATHS = (
					"$(inherited)",
					"@executable_path/Frameworks",
				);
				PRODUCT_BUNDLE_IDENTIFIER = com.wyattharrell.LoadingUITest;
				PRODUCT_NAME = "$(TARGET_NAME)";
				SWIFT_VERSION = 5.0;
				TARGETED_DEVICE_FAMILY = "1,2";
			};
			name = Debug;
		};
		13EBA7C42450DAAB004B3778 /* Release */ = {
			isa = XCBuildConfiguration;
			buildSettings = {
				ASSETCATALOG_COMPILER_APPICON_NAME = AppIcon;
				CODE_SIGN_STYLE = Automatic;
				DEVELOPMENT_TEAM = 8TUR2W3V73;
				INFOPLIST_FILE = LoadingUITest/Info.plist;
				LD_RUNPATH_SEARCH_PATHS = (
					"$(inherited)",
					"@executable_path/Frameworks",
				);
				PRODUCT_BUNDLE_IDENTIFIER = com.wyattharrell.LoadingUITest;
				PRODUCT_NAME = "$(TARGET_NAME)";
				SWIFT_VERSION = 5.0;
				TARGETED_DEVICE_FAMILY = "1,2";
			};
			name = Release;
		};
/* End XCBuildConfiguration section */

/* Begin XCConfigurationList section */
		13EBA7A92450DAA9004B3778 /* Build configuration list for PBXProject "LoadingUITest" */ = {
			isa = XCConfigurationList;
			buildConfigurations = (
				13EBA7C02450DAAB004B3778 /* Debug */,
				13EBA7C12450DAAB004B3778 /* Release */,
			);
			defaultConfigurationIsVisible = 0;
			defaultConfigurationName = Release;
		};
		13EBA7C22450DAAB004B3778 /* Build configuration list for PBXNativeTarget "LoadingUITest" */ = {
			isa = XCConfigurationList;
			buildConfigurations = (
				13EBA7C32450DAAB004B3778 /* Debug */,
				13EBA7C42450DAAB004B3778 /* Release */,
			);
			defaultConfigurationIsVisible = 0;
			defaultConfigurationName = Release;
		};
/* End XCConfigurationList section */
	};
	rootObject = 13EBA7A62450DAA9004B3778 /* Project object */;
}
