// !$*UTF8*$!
{
	archiveVersion = 1;
	classes = {
	};
	objectVersion = 50;
	objects = {

/* Begin PBXBuildFile section */
		A6165986237CA29900D4EBC0 /* AppDelegate.swift in Sources */ = {isa = PBXBuildFile; fileRef = A6165985237CA29900D4EBC0 /* AppDelegate.swift */; };
		A6165988237CA29900D4EBC0 /* SceneDelegate.swift in Sources */ = {isa = PBXBuildFile; fileRef = A6165987237CA29900D4EBC0 /* SceneDelegate.swift */; };
		A616598A237CA29900D4EBC0 /* ViewController.swift in Sources */ = {isa = PBXBuildFile; fileRef = A6165989237CA29900D4EBC0 /* ViewController.swift */; };
		A616598D237CA29900D4EBC0 /* Main.storyboard in Resources */ = {isa = PBXBuildFile; fileRef = A616598B237CA29900D4EBC0 /* Main.storyboard */; };
		A616598F237CA29A00D4EBC0 /* Assets.xcassets in Resources */ = {isa = PBXBuildFile; fileRef = A616598E237CA29A00D4EBC0 /* Assets.xcassets */; };
		A6165992237CA29A00D4EBC0 /* LaunchScreen.storyboard in Resources */ = {isa = PBXBuildFile; fileRef = A6165990237CA29A00D4EBC0 /* LaunchScreen.storyboard */; };
		A61659A1237CA2DB00D4EBC0 /* LoadingUI.framework in Frameworks */ = {isa = PBXBuildFile; fileRef = A616599F237CA2D000D4EBC0 /* LoadingUI.framework */; };
		A61659A2237CA2DB00D4EBC0 /* LoadingUI.framework in Embed Frameworks */ = {isa = PBXBuildFile; fileRef = A616599F237CA2D000D4EBC0 /* LoadingUI.framework */; settings = {ATTRIBUTES = (CodeSignOnCopy, RemoveHeadersOnCopy, ); }; };
/* End PBXBuildFile section */

/* Begin PBXContainerItemProxy section */
		A616599E237CA2D000D4EBC0 /* PBXContainerItemProxy */ = {
			isa = PBXContainerItemProxy;
			containerPortal = A616599A237CA2D000D4EBC0 /* LoadingUI.xcodeproj */;
			proxyType = 2;
			remoteGlobalIDString = A616596E237CA27200D4EBC0;
			remoteInfo = LoadingUI;
		};
/* End PBXContainerItemProxy section */

/* Begin PBXCopyFilesBuildPhase section */
		A61659A3237CA2DB00D4EBC0 /* Embed Frameworks */ = {
			isa = PBXCopyFilesBuildPhase;
			buildActionMask = 2147483647;
			dstPath = "";
			dstSubfolderSpec = 10;
			files = (
				A61659A2237CA2DB00D4EBC0 /* LoadingUI.framework in Embed Frameworks */,
			);
			name = "Embed Frameworks";
			runOnlyForDeploymentPostprocessing = 0;
		};
/* End PBXCopyFilesBuildPhase section */

/* Begin PBXFileReference section */
		A6165982237CA29900D4EBC0 /* LoadingUITest.app */ = {isa = PBXFileReference; explicitFileType = wrapper.application; includeInIndex = 0; path = LoadingUITest.app; sourceTree = BUILT_PRODUCTS_DIR; };
		A6165985237CA29900D4EBC0 /* AppDelegate.swift */ = {isa = PBXFileReference; lastKnownFileType = sourcecode.swift; path = AppDelegate.swift; sourceTree = "<group>"; };
		A6165987237CA29900D4EBC0 /* SceneDelegate.swift */ = {isa = PBXFileReference; lastKnownFileType = sourcecode.swift; path = SceneDelegate.swift; sourceTree = "<group>"; };
		A6165989237CA29900D4EBC0 /* ViewController.swift */ = {isa = PBXFileReference; lastKnownFileType = sourcecode.swift; path = ViewController.swift; sourceTree = "<group>"; };
		A616598C237CA29900D4EBC0 /* Base */ = {isa = PBXFileReference; lastKnownFileType = file.storyboard; name = Base; path = Base.lproj/Main.storyboard; sourceTree = "<group>"; };
		A616598E237CA29A00D4EBC0 /* Assets.xcassets */ = {isa = PBXFileReference; lastKnownFileType = folder.assetcatalog; path = Assets.xcassets; sourceTree = "<group>"; };
		A6165991237CA29A00D4EBC0 /* Base */ = {isa = PBXFileReference; lastKnownFileType = file.storyboard; name = Base; path = Base.lproj/LaunchScreen.storyboard; sourceTree = "<group>"; };
		A6165993237CA29A00D4EBC0 /* Info.plist */ = {isa = PBXFileReference; lastKnownFileType = text.plist.xml; path = Info.plist; sourceTree = "<group>"; };
		A616599A237CA2D000D4EBC0 /* LoadingUI.xcodeproj */ = {isa = PBXFileReference; lastKnownFileType = "wrapper.pb-project"; name = LoadingUI.xcodeproj; path = ../LoadingUI/LoadingUI.xcodeproj; sourceTree = "<group>"; };
/* End PBXFileReference section */

/* Begin PBXFrameworksBuildPhase section */
		A616597F237CA29900D4EBC0 /* Frameworks */ = {
			isa = PBXFrameworksBuildPhase;
			buildActionMask = 2147483647;
			files = (
				A61659A1237CA2DB00D4EBC0 /* LoadingUI.framework in Frameworks */,
			);
			runOnlyForDeploymentPostprocessing = 0;
		};
/* End PBXFrameworksBuildPhase section */

/* Begin PBXGroup section */
		A6165979237CA29800D4EBC0 = {
			isa = PBXGroup;
			children = (
				A6165984237CA29900D4EBC0 /* LoadingUITest */,
				A6165999237CA2B100D4EBC0 /* Framework */,
				A6165983237CA29900D4EBC0 /* Products */,
				A61659A0237CA2DB00D4EBC0 /* Frameworks */,
			);
			sourceTree = "<group>";
		};
		A6165983237CA29900D4EBC0 /* Products */ = {
			isa = PBXGroup;
			children = (
				A6165982237CA29900D4EBC0 /* LoadingUITest.app */,
			);
			name = Products;
			sourceTree = "<group>";
		};
		A6165984237CA29900D4EBC0 /* LoadingUITest */ = {
			isa = PBXGroup;
			children = (
				A6165985237CA29900D4EBC0 /* AppDelegate.swift */,
				A6165987237CA29900D4EBC0 /* SceneDelegate.swift */,
				A6165989237CA29900D4EBC0 /* ViewController.swift */,
				A616598B237CA29900D4EBC0 /* Main.storyboard */,
				A616598E237CA29A00D4EBC0 /* Assets.xcassets */,
				A6165990237CA29A00D4EBC0 /* LaunchScreen.storyboard */,
				A6165993237CA29A00D4EBC0 /* Info.plist */,
			);
			path = LoadingUITest;
			sourceTree = "<group>";
		};
		A6165999237CA2B100D4EBC0 /* Framework */ = {
			isa = PBXGroup;
			children = (
				A616599A237CA2D000D4EBC0 /* LoadingUI.xcodeproj */,
			);
			name = Framework;
			sourceTree = "<group>";
		};
		A616599B237CA2D000D4EBC0 /* Products */ = {
			isa = PBXGroup;
			children = (
				A616599F237CA2D000D4EBC0 /* LoadingUI.framework */,
			);
			name = Products;
			sourceTree = "<group>";
		};
		A61659A0237CA2DB00D4EBC0 /* Frameworks */ = {
			isa = PBXGroup;
			children = (
			);
			name = Frameworks;
			sourceTree = "<group>";
		};
/* End PBXGroup section */

/* Begin PBXNativeTarget section */
		A6165981237CA29900D4EBC0 /* LoadingUITest */ = {
			isa = PBXNativeTarget;
			buildConfigurationList = A6165996237CA29A00D4EBC0 /* Build configuration list for PBXNativeTarget "LoadingUITest" */;
			buildPhases = (
				A616597E237CA29900D4EBC0 /* Sources */,
				A616597F237CA29900D4EBC0 /* Frameworks */,
				A6165980237CA29900D4EBC0 /* Resources */,
				A61659A3237CA2DB00D4EBC0 /* Embed Frameworks */,
			);
			buildRules = (
			);
			dependencies = (
			);
			name = LoadingUITest;
			productName = LoadingUITest;
			productReference = A6165982237CA29900D4EBC0 /* LoadingUITest.app */;
			productType = "com.apple.product-type.application";
		};
/* End PBXNativeTarget section */

/* Begin PBXProject section */
		A616597A237CA29800D4EBC0 /* Project object */ = {
			isa = PBXProject;
			attributes = {
				LastSwiftUpdateCheck = 1100;
				LastUpgradeCheck = 1100;
				ORGANIZATIONNAME = "GIPGIP Studio";
				TargetAttributes = {
					A6165981237CA29900D4EBC0 = {
						CreatedOnToolsVersion = 11.0;
					};
				};
			};
			buildConfigurationList = A616597D237CA29800D4EBC0 /* Build configuration list for PBXProject "LoadingUITest" */;
			compatibilityVersion = "Xcode 9.3";
			developmentRegion = en;
			hasScannedForEncodings = 0;
			knownRegions = (
				en,
				Base,
			);
			mainGroup = A6165979237CA29800D4EBC0;
			productRefGroup = A6165983237CA29900D4EBC0 /* Products */;
			projectDirPath = "";
			projectReferences = (
				{
					ProductGroup = A616599B237CA2D000D4EBC0 /* Products */;
					ProjectRef = A616599A237CA2D000D4EBC0 /* LoadingUI.xcodeproj */;
				},
			);
			projectRoot = "";
			targets = (
				A6165981237CA29900D4EBC0 /* LoadingUITest */,
			);
		};
/* End PBXProject section */

/* Begin PBXReferenceProxy section */
		A616599F237CA2D000D4EBC0 /* LoadingUI.framework */ = {
			isa = PBXReferenceProxy;
			fileType = wrapper.framework;
			path = LoadingUI.framework;
			remoteRef = A616599E237CA2D000D4EBC0 /* PBXContainerItemProxy */;
			sourceTree = BUILT_PRODUCTS_DIR;
		};
/* End PBXReferenceProxy section */

/* Begin PBXResourcesBuildPhase section */
		A6165980237CA29900D4EBC0 /* Resources */ = {
			isa = PBXResourcesBuildPhase;
			buildActionMask = 2147483647;
			files = (
				A6165992237CA29A00D4EBC0 /* LaunchScreen.storyboard in Resources */,
				A616598F237CA29A00D4EBC0 /* Assets.xcassets in Resources */,
				A616598D237CA29900D4EBC0 /* Main.storyboard in Resources */,
			);
			runOnlyForDeploymentPostprocessing = 0;
		};
/* End PBXResourcesBuildPhase section */

/* Begin PBXSourcesBuildPhase section */
		A616597E237CA29900D4EBC0 /* Sources */ = {
			isa = PBXSourcesBuildPhase;
			buildActionMask = 2147483647;
			files = (
				A616598A237CA29900D4EBC0 /* ViewController.swift in Sources */,
				A6165986237CA29900D4EBC0 /* AppDelegate.swift in Sources */,
				A6165988237CA29900D4EBC0 /* SceneDelegate.swift in Sources */,
			);
			runOnlyForDeploymentPostprocessing = 0;
		};
/* End PBXSourcesBuildPhase section */

/* Begin PBXVariantGroup section */
		A616598B237CA29900D4EBC0 /* Main.storyboard */ = {
			isa = PBXVariantGroup;
			children = (
				A616598C237CA29900D4EBC0 /* Base */,
			);
			name = Main.storyboard;
			sourceTree = "<group>";
		};
		A6165990237CA29A00D4EBC0 /* LaunchScreen.storyboard */ = {
			isa = PBXVariantGroup;
			children = (
				A6165991237CA29A00D4EBC0 /* Base */,
			);
			name = LaunchScreen.storyboard;
			sourceTree = "<group>";
		};
/* End PBXVariantGroup section */

/* Begin XCBuildConfiguration section */
		A6165994237CA29A00D4EBC0 /* Debug */ = {
			isa = XCBuildConfiguration;
			buildSettings = {
				ALWAYS_SEARCH_USER_PATHS = NO;
				CLANG_ANALYZER_NONNULL = YES;
				CLANG_ANALYZER_NUMBER_OBJECT_CONVERSION = YES_AGGRESSIVE;
				CLANG_CXX_LANGUAGE_STANDARD = "gnu++14";
				CLANG_CXX_LIBRARY = "libc++";
				CLANG_ENABLE_MODULES = YES;
				CLANG_ENABLE_OBJC_ARC = YES;
				CLANG_ENABLE_OBJC_WEAK = YES;
				CLANG_WARN_BLOCK_CAPTURE_AUTORELEASING = YES;
				CLANG_WARN_BOOL_CONVERSION = YES;
				CLANG_WARN_COMMA = YES;
				CLANG_WARN_CONSTANT_CONVERSION = YES;
				CLANG_WARN_DEPRECATED_OBJC_IMPLEMENTATIONS = YES;
				CLANG_WARN_DIRECT_OBJC_ISA_USAGE = YES_ERROR;
				CLANG_WARN_DOCUMENTATION_COMMENTS = YES;
				CLANG_WARN_EMPTY_BODY = YES;
				CLANG_WARN_ENUM_CONVERSION = YES;
				CLANG_WARN_INFINITE_RECURSION = YES;
				CLANG_WARN_INT_CONVERSION = YES;
				CLANG_WARN_NON_LITERAL_NULL_CONVERSION = YES;
				CLANG_WARN_OBJC_IMPLICIT_RETAIN_SELF = YES;
				CLANG_WARN_OBJC_LITERAL_CONVERSION = YES;
				CLANG_WARN_OBJC_ROOT_CLASS = YES_ERROR;
				CLANG_WARN_RANGE_LOOP_ANALYSIS = YES;
				CLANG_WARN_STRICT_PROTOTYPES = YES;
				CLANG_WARN_SUSPICIOUS_MOVE = YES;
				CLANG_WARN_UNGUARDED_AVAILABILITY = YES_AGGRESSIVE;
				CLANG_WARN_UNREACHABLE_CODE = YES;
				CLANG_WARN__DUPLICATE_METHOD_MATCH = YES;
				COPY_PHASE_STRIP = NO;
				DEBUG_INFORMATION_FORMAT = dwarf;
				ENABLE_STRICT_OBJC_MSGSEND = YES;
				ENABLE_TESTABILITY = YES;
				GCC_C_LANGUAGE_STANDARD = gnu11;
				GCC_DYNAMIC_NO_PIC = NO;
				GCC_NO_COMMON_BLOCKS = YES;
				GCC_OPTIMIZATION_LEVEL = 0;
				GCC_PREPROCESSOR_DEFINITIONS = (
					"DEBUG=1",
					"$(inherited)",
				);
				GCC_WARN_64_TO_32_BIT_CONVERSION = YES;
				GCC_WARN_ABOUT_RETURN_TYPE = YES_ERROR;
				GCC_WARN_UNDECLARED_SELECTOR = YES;
				GCC_WARN_UNINITIALIZED_AUTOS = YES_AGGRESSIVE;
				GCC_WARN_UNUSED_FUNCTION = YES;
				GCC_WARN_UNUSED_VARIABLE = YES;
				IPHONEOS_DEPLOYMENT_TARGET = 13.0;
				MTL_ENABLE_DEBUG_INFO = INCLUDE_SOURCE;
				MTL_FAST_MATH = YES;
				ONLY_ACTIVE_ARCH = YES;
				SDKROOT = iphoneos;
				SWIFT_ACTIVE_COMPILATION_CONDITIONS = DEBUG;
				SWIFT_OPTIMIZATION_LEVEL = "-Onone";
			};
			name = Debug;
		};
		A6165995237CA29A00D4EBC0 /* Release */ = {
			isa = XCBuildConfiguration;
			buildSettings = {
				ALWAYS_SEARCH_USER_PATHS = NO;
				CLANG_ANALYZER_NONNULL = YES;
				CLANG_ANALYZER_NUMBER_OBJECT_CONVERSION = YES_AGGRESSIVE;
				CLANG_CXX_LANGUAGE_STANDARD = "gnu++14";
				CLANG_CXX_LIBRARY = "libc++";
				CLANG_ENABLE_MODULES = YES;
				CLANG_ENABLE_OBJC_ARC = YES;
				CLANG_ENABLE_OBJC_WEAK = YES;
				CLANG_WARN_BLOCK_CAPTURE_AUTORELEASING = YES;
				CLANG_WARN_BOOL_CONVERSION = YES;
				CLANG_WARN_COMMA = YES;
				CLANG_WARN_CONSTANT_CONVERSION = YES;
				CLANG_WARN_DEPRECATED_OBJC_IMPLEMENTATIONS = YES;
				CLANG_WARN_DIRECT_OBJC_ISA_USAGE = YES_ERROR;
				CLANG_WARN_DOCUMENTATION_COMMENTS = YES;
				CLANG_WARN_EMPTY_BODY = YES;
				CLANG_WARN_ENUM_CONVERSION = YES;
				CLANG_WARN_INFINITE_RECURSION = YES;
				CLANG_WARN_INT_CONVERSION = YES;
				CLANG_WARN_NON_LITERAL_NULL_CONVERSION = YES;
				CLANG_WARN_OBJC_IMPLICIT_RETAIN_SELF = YES;
				CLANG_WARN_OBJC_LITERAL_CONVERSION = YES;
				CLANG_WARN_OBJC_ROOT_CLASS = YES_ERROR;
				CLANG_WARN_RANGE_LOOP_ANALYSIS = YES;
				CLANG_WARN_STRICT_PROTOTYPES = YES;
				CLANG_WARN_SUSPICIOUS_MOVE = YES;
				CLANG_WARN_UNGUARDED_AVAILABILITY = YES_AGGRESSIVE;
				CLANG_WARN_UNREACHABLE_CODE = YES;
				CLANG_WARN__DUPLICATE_METHOD_MATCH = YES;
				COPY_PHASE_STRIP = NO;
				DEBUG_INFORMATION_FORMAT = "dwarf-with-dsym";
				ENABLE_NS_ASSERTIONS = NO;
				ENABLE_STRICT_OBJC_MSGSEND = YES;
				GCC_C_LANGUAGE_STANDARD = gnu11;
				GCC_NO_COMMON_BLOCKS = YES;
				GCC_WARN_64_TO_32_BIT_CONVERSION = YES;
				GCC_WARN_ABOUT_RETURN_TYPE = YES_ERROR;
				GCC_WARN_UNDECLARED_SELECTOR = YES;
				GCC_WARN_UNINITIALIZED_AUTOS = YES_AGGRESSIVE;
				GCC_WARN_UNUSED_FUNCTION = YES;
				GCC_WARN_UNUSED_VARIABLE = YES;
				IPHONEOS_DEPLOYMENT_TARGET = 13.0;
				MTL_ENABLE_DEBUG_INFO = NO;
				MTL_FAST_MATH = YES;
				SDKROOT = iphoneos;
				SWIFT_COMPILATION_MODE = wholemodule;
				SWIFT_OPTIMIZATION_LEVEL = "-O";
				VALIDATE_PRODUCT = YES;
			};
			name = Release;
		};
		A6165997237CA29A00D4EBC0 /* Debug */ = {
			isa = XCBuildConfiguration;
			buildSettings = {
				ASSETCATALOG_COMPILER_APPICON_NAME = AppIcon;
				CODE_SIGN_STYLE = Automatic;
				DEVELOPMENT_TEAM = FLZ8CLXX64;
				INFOPLIST_FILE = LoadingUITest/Info.plist;
				LD_RUNPATH_SEARCH_PATHS = (
					"$(inherited)",
					"@executable_path/Frameworks",
				);
				PRODUCT_BUNDLE_IDENTIFIER = com.GIPGIP.LoadingUITest;
				PRODUCT_NAME = "$(TARGET_NAME)";
				SWIFT_VERSION = 5.0;
				TARGETED_DEVICE_FAMILY = "1,2";
			};
			name = Debug;
		};
		A6165998237CA29A00D4EBC0 /* Release */ = {
			isa = XCBuildConfiguration;
			buildSettings = {
				ASSETCATALOG_COMPILER_APPICON_NAME = AppIcon;
				CODE_SIGN_STYLE = Automatic;
				DEVELOPMENT_TEAM = FLZ8CLXX64;
				INFOPLIST_FILE = LoadingUITest/Info.plist;
				LD_RUNPATH_SEARCH_PATHS = (
					"$(inherited)",
					"@executable_path/Frameworks",
				);
				PRODUCT_BUNDLE_IDENTIFIER = com.GIPGIP.LoadingUITest;
				PRODUCT_NAME = "$(TARGET_NAME)";
				SWIFT_VERSION = 5.0;
				TARGETED_DEVICE_FAMILY = "1,2";
			};
			name = Release;
		};
/* End XCBuildConfiguration section */

/* Begin XCConfigurationList section */
		A616597D237CA29800D4EBC0 /* Build configuration list for PBXProject "LoadingUITest" */ = {
			isa = XCConfigurationList;
			buildConfigurations = (
				A6165994237CA29A00D4EBC0 /* Debug */,
				A6165995237CA29A00D4EBC0 /* Release */,
			);
			defaultConfigurationIsVisible = 0;
			defaultConfigurationName = Release;
		};
		A6165996237CA29A00D4EBC0 /* Build configuration list for PBXNativeTarget "LoadingUITest" */ = {
			isa = XCConfigurationList;
			buildConfigurations = (
				A6165997237CA29A00D4EBC0 /* Debug */,
				A6165998237CA29A00D4EBC0 /* Release */,
			);
			defaultConfigurationIsVisible = 0;
			defaultConfigurationName = Release;
		};
/* End XCConfigurationList section */
	};
	rootObject = A616597A237CA29800D4EBC0 /* Project object */;
}
