// !$*UTF8*$!
{
	archiveVersion = 1;
	classes = {
	};
	objectVersion = 50;
	objects = {

/* Begin PBXBuildFile section */
		029D4A5F24E3704D00F2597A /* AppDelegate.swift in Sources */ = {isa = PBXBuildFile; fileRef = 029D4A5E24E3704D00F2597A /* AppDelegate.swift */; };
		029D4A6124E3704D00F2597A /* SceneDelegate.swift in Sources */ = {isa = PBXBuildFile; fileRef = 029D4A6024E3704D00F2597A /* SceneDelegate.swift */; };
		029D4A6324E3704D00F2597A /* ViewController.swift in Sources */ = {isa = PBXBuildFile; fileRef = 029D4A6224E3704D00F2597A /* ViewController.swift */; };
		029D4A6624E3704D00F2597A /* Main.storyboard in Resources */ = {isa = PBXBuildFile; fileRef = 029D4A6424E3704D00F2597A /* Main.storyboard */; };
		029D4A6824E3705200F2597A /* Assets.xcassets in Resources */ = {isa = PBXBuildFile; fileRef = 029D4A6724E3705200F2597A /* Assets.xcassets */; };
		029D4A6B24E3705200F2597A /* LaunchScreen.storyboard in Resources */ = {isa = PBXBuildFile; fileRef = 029D4A6924E3705200F2597A /* LaunchScreen.storyboard */; };
		029D4A8A24E37F4C00F2597A /* LoadingUI.framework in Frameworks */ = {isa = PBXBuildFile; fileRef = 029D4A8724E37F2B00F2597A /* LoadingUI.framework */; };
		029D4A8B24E37F4C00F2597A /* LoadingUI.framework in Embed Frameworks */ = {isa = PBXBuildFile; fileRef = 029D4A8724E37F2B00F2597A /* LoadingUI.framework */; settings = {ATTRIBUTES = (CodeSignOnCopy, RemoveHeadersOnCopy, ); }; };
/* End PBXBuildFile section */

/* Begin PBXContainerItemProxy section */
		029D4A8624E37F2B00F2597A /* PBXContainerItemProxy */ = {
			isa = PBXContainerItemProxy;
			containerPortal = 029D4A8224E37F2B00F2597A /* LoadingUI.xcodeproj */;
			proxyType = 2;
			remoteGlobalIDString = 029D4A4724E3701900F2597A;
			remoteInfo = LoadingUI;
		};
		029D4A8824E37F4100F2597A /* PBXContainerItemProxy */ = {
			isa = PBXContainerItemProxy;
			containerPortal = 029D4A8224E37F2B00F2597A /* LoadingUI.xcodeproj */;
			proxyType = 1;
			remoteGlobalIDString = 029D4A4624E3701900F2597A;
			remoteInfo = LoadingUI;
		};
/* End PBXContainerItemProxy section */

/* Begin PBXCopyFilesBuildPhase section */
		029D4A7B24E3714200F2597A /* Embed Frameworks */ = {
			isa = PBXCopyFilesBuildPhase;
			buildActionMask = 2147483647;
			dstPath = "";
			dstSubfolderSpec = 10;
			files = (
				029D4A8B24E37F4C00F2597A /* LoadingUI.framework in Embed Frameworks */,
			);
			name = "Embed Frameworks";
			runOnlyForDeploymentPostprocessing = 0;
		};
/* End PBXCopyFilesBuildPhase section */

/* Begin PBXFileReference section */
		029D4A5B24E3704D00F2597A /* LoadingUITest.app */ = {isa = PBXFileReference; explicitFileType = wrapper.application; includeInIndex = 0; path = LoadingUITest.app; sourceTree = BUILT_PRODUCTS_DIR; };
		029D4A5E24E3704D00F2597A /* AppDelegate.swift */ = {isa = PBXFileReference; lastKnownFileType = sourcecode.swift; path = AppDelegate.swift; sourceTree = "<group>"; };
		029D4A6024E3704D00F2597A /* SceneDelegate.swift */ = {isa = PBXFileReference; lastKnownFileType = sourcecode.swift; path = SceneDelegate.swift; sourceTree = "<group>"; };
		029D4A6224E3704D00F2597A /* ViewController.swift */ = {isa = PBXFileReference; lastKnownFileType = sourcecode.swift; path = ViewController.swift; sourceTree = "<group>"; };
		029D4A6524E3704D00F2597A /* Base */ = {isa = PBXFileReference; lastKnownFileType = file.storyboard; name = Base; path = Base.lproj/Main.storyboard; sourceTree = "<group>"; };
		029D4A6724E3705200F2597A /* Assets.xcassets */ = {isa = PBXFileReference; lastKnownFileType = folder.assetcatalog; path = Assets.xcassets; sourceTree = "<group>"; };
		029D4A6A24E3705200F2597A /* Base */ = {isa = PBXFileReference; lastKnownFileType = file.storyboard; name = Base; path = Base.lproj/LaunchScreen.storyboard; sourceTree = "<group>"; };
		029D4A6C24E3705200F2597A /* Info.plist */ = {isa = PBXFileReference; lastKnownFileType = text.plist.xml; path = Info.plist; sourceTree = "<group>"; };
		029D4A8224E37F2B00F2597A /* LoadingUI.xcodeproj */ = {isa = PBXFileReference; lastKnownFileType = "wrapper.pb-project"; name = LoadingUI.xcodeproj; path = ../LoadingUI/LoadingUI.xcodeproj; sourceTree = "<group>"; };
/* End PBXFileReference section */

/* Begin PBXFrameworksBuildPhase section */
		029D4A5824E3704D00F2597A /* Frameworks */ = {
			isa = PBXFrameworksBuildPhase;
			buildActionMask = 2147483647;
			files = (
				029D4A8A24E37F4C00F2597A /* LoadingUI.framework in Frameworks */,
			);
			runOnlyForDeploymentPostprocessing = 0;
		};
/* End PBXFrameworksBuildPhase section */

/* Begin PBXGroup section */
		029D4A5224E3704D00F2597A = {
			isa = PBXGroup;
			children = (
				029D4A8224E37F2B00F2597A /* LoadingUI.xcodeproj */,
				029D4A5D24E3704D00F2597A /* LoadingUITest */,
				029D4A5C24E3704D00F2597A /* Products */,
				029D4A7824E3714200F2597A /* Frameworks */,
			);
			sourceTree = "<group>";
		};
		029D4A5C24E3704D00F2597A /* Products */ = {
			isa = PBXGroup;
			children = (
				029D4A5B24E3704D00F2597A /* LoadingUITest.app */,
			);
			name = Products;
			sourceTree = "<group>";
		};
		029D4A5D24E3704D00F2597A /* LoadingUITest */ = {
			isa = PBXGroup;
			children = (
				029D4A5E24E3704D00F2597A /* AppDelegate.swift */,
				029D4A6024E3704D00F2597A /* SceneDelegate.swift */,
				029D4A6224E3704D00F2597A /* ViewController.swift */,
				029D4A6424E3704D00F2597A /* Main.storyboard */,
				029D4A6724E3705200F2597A /* Assets.xcassets */,
				029D4A6924E3705200F2597A /* LaunchScreen.storyboard */,
				029D4A6C24E3705200F2597A /* Info.plist */,
			);
			path = LoadingUITest;
			sourceTree = "<group>";
		};
		029D4A7824E3714200F2597A /* Frameworks */ = {
			isa = PBXGroup;
			children = (
			);
			name = Frameworks;
			sourceTree = "<group>";
		};
		029D4A8324E37F2B00F2597A /* Products */ = {
			isa = PBXGroup;
			children = (
				029D4A8724E37F2B00F2597A /* LoadingUI.framework */,
			);
			name = Products;
			sourceTree = "<group>";
		};
/* End PBXGroup section */

/* Begin PBXNativeTarget section */
		029D4A5A24E3704D00F2597A /* LoadingUITest */ = {
			isa = PBXNativeTarget;
			buildConfigurationList = 029D4A6F24E3705200F2597A /* Build configuration list for PBXNativeTarget "LoadingUITest" */;
			buildPhases = (
				029D4A5724E3704D00F2597A /* Sources */,
				029D4A5824E3704D00F2597A /* Frameworks */,
				029D4A5924E3704D00F2597A /* Resources */,
				029D4A7B24E3714200F2597A /* Embed Frameworks */,
			);
			buildRules = (
			);
			dependencies = (
				029D4A8924E37F4100F2597A /* PBXTargetDependency */,
			);
			name = LoadingUITest;
			productName = LoadingUITest;
			productReference = 029D4A5B24E3704D00F2597A /* LoadingUITest.app */;
			productType = "com.apple.product-type.application";
		};
/* End PBXNativeTarget section */

/* Begin PBXProject section */
		029D4A5324E3704D00F2597A /* Project object */ = {
			isa = PBXProject;
			attributes = {
				LastSwiftUpdateCheck = 1150;
				LastUpgradeCheck = 1150;
				ORGANIZATIONNAME = "Morgan Smith";
				TargetAttributes = {
					029D4A5A24E3704D00F2597A = {
						CreatedOnToolsVersion = 11.5;
					};
				};
			};
			buildConfigurationList = 029D4A5624E3704D00F2597A /* Build configuration list for PBXProject "LoadingUITest" */;
			compatibilityVersion = "Xcode 9.3";
			developmentRegion = en;
			hasScannedForEncodings = 0;
			knownRegions = (
				en,
				Base,
			);
			mainGroup = 029D4A5224E3704D00F2597A;
			productRefGroup = 029D4A5C24E3704D00F2597A /* Products */;
			projectDirPath = "";
			projectReferences = (
				{
					ProductGroup = 029D4A8324E37F2B00F2597A /* Products */;
					ProjectRef = 029D4A8224E37F2B00F2597A /* LoadingUI.xcodeproj */;
				},
			);
			projectRoot = "";
			targets = (
				029D4A5A24E3704D00F2597A /* LoadingUITest */,
			);
		};
/* End PBXProject section */

/* Begin PBXReferenceProxy section */
		029D4A8724E37F2B00F2597A /* LoadingUI.framework */ = {
			isa = PBXReferenceProxy;
			fileType = wrapper.framework;
			path = LoadingUI.framework;
			remoteRef = 029D4A8624E37F2B00F2597A /* PBXContainerItemProxy */;
			sourceTree = BUILT_PRODUCTS_DIR;
		};
/* End PBXReferenceProxy section */

/* Begin PBXResourcesBuildPhase section */
		029D4A5924E3704D00F2597A /* Resources */ = {
			isa = PBXResourcesBuildPhase;
			buildActionMask = 2147483647;
			files = (
				029D4A6B24E3705200F2597A /* LaunchScreen.storyboard in Resources */,
				029D4A6824E3705200F2597A /* Assets.xcassets in Resources */,
				029D4A6624E3704D00F2597A /* Main.storyboard in Resources */,
			);
			runOnlyForDeploymentPostprocessing = 0;
		};
/* End PBXResourcesBuildPhase section */

/* Begin PBXSourcesBuildPhase section */
		029D4A5724E3704D00F2597A /* Sources */ = {
			isa = PBXSourcesBuildPhase;
			buildActionMask = 2147483647;
			files = (
				029D4A6324E3704D00F2597A /* ViewController.swift in Sources */,
				029D4A5F24E3704D00F2597A /* AppDelegate.swift in Sources */,
				029D4A6124E3704D00F2597A /* SceneDelegate.swift in Sources */,
			);
			runOnlyForDeploymentPostprocessing = 0;
		};
/* End PBXSourcesBuildPhase section */

/* Begin PBXTargetDependency section */
		029D4A8924E37F4100F2597A /* PBXTargetDependency */ = {
			isa = PBXTargetDependency;
			name = LoadingUI;
			targetProxy = 029D4A8824E37F4100F2597A /* PBXContainerItemProxy */;
		};
/* End PBXTargetDependency section */

/* Begin PBXVariantGroup section */
		029D4A6424E3704D00F2597A /* Main.storyboard */ = {
			isa = PBXVariantGroup;
			children = (
				029D4A6524E3704D00F2597A /* Base */,
			);
			name = Main.storyboard;
			sourceTree = "<group>";
		};
		029D4A6924E3705200F2597A /* LaunchScreen.storyboard */ = {
			isa = PBXVariantGroup;
			children = (
				029D4A6A24E3705200F2597A /* Base */,
			);
			name = LaunchScreen.storyboard;
			sourceTree = "<group>";
		};
/* End PBXVariantGroup section */

/* Begin XCBuildConfiguration section */
		029D4A6D24E3705200F2597A /* Debug */ = {
			isa = XCBuildConfiguration;
			buildSettings = {
				ALWAYS_SEARCH_USER_PATHS = NO;
				CLANG_ANALYZER_NONNULL = YES;
				CLANG_ANALYZER_NUMBER_OBJECT_CONVERSION = YES_AGGRESSIVE;
				CLANG_CXX_LANGUAGE_STANDARD = "gnu++14";
				CLANG_CXX_LIBRARY = "libc++";
				CLANG_ENABLE_MODULES = YES;
				CLANG_ENABLE_OBJC_ARC = YES;
				CLANG_ENABLE_OBJC_WEAK = YES;
				CLANG_WARN_BLOCK_CAPTURE_AUTORELEASING = YES;
				CLANG_WARN_BOOL_CONVERSION = YES;
				CLANG_WARN_COMMA = YES;
				CLANG_WARN_CONSTANT_CONVERSION = YES;
				CLANG_WARN_DEPRECATED_OBJC_IMPLEMENTATIONS = YES;
				CLANG_WARN_DIRECT_OBJC_ISA_USAGE = YES_ERROR;
				CLANG_WARN_DOCUMENTATION_COMMENTS = YES;
				CLANG_WARN_EMPTY_BODY = YES;
				CLANG_WARN_ENUM_CONVERSION = YES;
				CLANG_WARN_INFINITE_RECURSION = YES;
				CLANG_WARN_INT_CONVERSION = YES;
				CLANG_WARN_NON_LITERAL_NULL_CONVERSION = YES;
				CLANG_WARN_OBJC_IMPLICIT_RETAIN_SELF = YES;
				CLANG_WARN_OBJC_LITERAL_CONVERSION = YES;
				CLANG_WARN_OBJC_ROOT_CLASS = YES_ERROR;
				CLANG_WARN_RANGE_LOOP_ANALYSIS = YES;
				CLANG_WARN_STRICT_PROTOTYPES = YES;
				CLANG_WARN_SUSPICIOUS_MOVE = YES;
				CLANG_WARN_UNGUARDED_AVAILABILITY = YES_AGGRESSIVE;
				CLANG_WARN_UNREACHABLE_CODE = YES;
				CLANG_WARN__DUPLICATE_METHOD_MATCH = YES;
				COPY_PHASE_STRIP = NO;
				DEBUG_INFORMATION_FORMAT = dwarf;
				ENABLE_STRICT_OBJC_MSGSEND = YES;
				ENABLE_TESTABILITY = YES;
				GCC_C_LANGUAGE_STANDARD = gnu11;
				GCC_DYNAMIC_NO_PIC = NO;
				GCC_NO_COMMON_BLOCKS = YES;
				GCC_OPTIMIZATION_LEVEL = 0;
				GCC_PREPROCESSOR_DEFINITIONS = (
					"DEBUG=1",
					"$(inherited)",
				);
				GCC_WARN_64_TO_32_BIT_CONVERSION = YES;
				GCC_WARN_ABOUT_RETURN_TYPE = YES_ERROR;
				GCC_WARN_UNDECLARED_SELECTOR = YES;
				GCC_WARN_UNINITIALIZED_AUTOS = YES_AGGRESSIVE;
				GCC_WARN_UNUSED_FUNCTION = YES;
				GCC_WARN_UNUSED_VARIABLE = YES;
				IPHONEOS_DEPLOYMENT_TARGET = 13.5;
				MTL_ENABLE_DEBUG_INFO = INCLUDE_SOURCE;
				MTL_FAST_MATH = YES;
				ONLY_ACTIVE_ARCH = YES;
				SDKROOT = iphoneos;
				SWIFT_ACTIVE_COMPILATION_CONDITIONS = DEBUG;
				SWIFT_OPTIMIZATION_LEVEL = "-Onone";
			};
			name = Debug;
		};
		029D4A6E24E3705200F2597A /* Release */ = {
			isa = XCBuildConfiguration;
			buildSettings = {
				ALWAYS_SEARCH_USER_PATHS = NO;
				CLANG_ANALYZER_NONNULL = YES;
				CLANG_ANALYZER_NUMBER_OBJECT_CONVERSION = YES_AGGRESSIVE;
				CLANG_CXX_LANGUAGE_STANDARD = "gnu++14";
				CLANG_CXX_LIBRARY = "libc++";
				CLANG_ENABLE_MODULES = YES;
				CLANG_ENABLE_OBJC_ARC = YES;
				CLANG_ENABLE_OBJC_WEAK = YES;
				CLANG_WARN_BLOCK_CAPTURE_AUTORELEASING = YES;
				CLANG_WARN_BOOL_CONVERSION = YES;
				CLANG_WARN_COMMA = YES;
				CLANG_WARN_CONSTANT_CONVERSION = YES;
				CLANG_WARN_DEPRECATED_OBJC_IMPLEMENTATIONS = YES;
				CLANG_WARN_DIRECT_OBJC_ISA_USAGE = YES_ERROR;
				CLANG_WARN_DOCUMENTATION_COMMENTS = YES;
				CLANG_WARN_EMPTY_BODY = YES;
				CLANG_WARN_ENUM_CONVERSION = YES;
				CLANG_WARN_INFINITE_RECURSION = YES;
				CLANG_WARN_INT_CONVERSION = YES;
				CLANG_WARN_NON_LITERAL_NULL_CONVERSION = YES;
				CLANG_WARN_OBJC_IMPLICIT_RETAIN_SELF = YES;
				CLANG_WARN_OBJC_LITERAL_CONVERSION = YES;
				CLANG_WARN_OBJC_ROOT_CLASS = YES_ERROR;
				CLANG_WARN_RANGE_LOOP_ANALYSIS = YES;
				CLANG_WARN_STRICT_PROTOTYPES = YES;
				CLANG_WARN_SUSPICIOUS_MOVE = YES;
				CLANG_WARN_UNGUARDED_AVAILABILITY = YES_AGGRESSIVE;
				CLANG_WARN_UNREACHABLE_CODE = YES;
				CLANG_WARN__DUPLICATE_METHOD_MATCH = YES;
				COPY_PHASE_STRIP = NO;
				DEBUG_INFORMATION_FORMAT = "dwarf-with-dsym";
				ENABLE_NS_ASSERTIONS = NO;
				ENABLE_STRICT_OBJC_MSGSEND = YES;
				GCC_C_LANGUAGE_STANDARD = gnu11;
				GCC_NO_COMMON_BLOCKS = YES;
				GCC_WARN_64_TO_32_BIT_CONVERSION = YES;
				GCC_WARN_ABOUT_RETURN_TYPE = YES_ERROR;
				GCC_WARN_UNDECLARED_SELECTOR = YES;
				GCC_WARN_UNINITIALIZED_AUTOS = YES_AGGRESSIVE;
				GCC_WARN_UNUSED_FUNCTION = YES;
				GCC_WARN_UNUSED_VARIABLE = YES;
				IPHONEOS_DEPLOYMENT_TARGET = 13.5;
				MTL_ENABLE_DEBUG_INFO = NO;
				MTL_FAST_MATH = YES;
				SDKROOT = iphoneos;
				SWIFT_COMPILATION_MODE = wholemodule;
				SWIFT_OPTIMIZATION_LEVEL = "-O";
				VALIDATE_PRODUCT = YES;
			};
			name = Release;
		};
		029D4A7024E3705200F2597A /* Debug */ = {
			isa = XCBuildConfiguration;
			buildSettings = {
				ASSETCATALOG_COMPILER_APPICON_NAME = AppIcon;
				CODE_SIGN_STYLE = Automatic;
				INFOPLIST_FILE = LoadingUITest/Info.plist;
				LD_RUNPATH_SEARCH_PATHS = (
					"$(inherited)",
					"@executable_path/Frameworks",
				);
				PRODUCT_BUNDLE_IDENTIFIER = com.morgansmith.LoadingUITest;
				PRODUCT_NAME = "$(TARGET_NAME)";
				SWIFT_VERSION = 5.0;
				TARGETED_DEVICE_FAMILY = "1,2";
			};
			name = Debug;
		};
		029D4A7124E3705200F2597A /* Release */ = {
			isa = XCBuildConfiguration;
			buildSettings = {
				ASSETCATALOG_COMPILER_APPICON_NAME = AppIcon;
				CODE_SIGN_STYLE = Automatic;
				INFOPLIST_FILE = LoadingUITest/Info.plist;
				LD_RUNPATH_SEARCH_PATHS = (
					"$(inherited)",
					"@executable_path/Frameworks",
				);
				PRODUCT_BUNDLE_IDENTIFIER = com.morgansmith.LoadingUITest;
				PRODUCT_NAME = "$(TARGET_NAME)";
				SWIFT_VERSION = 5.0;
				TARGETED_DEVICE_FAMILY = "1,2";
			};
			name = Release;
		};
/* End XCBuildConfiguration section */

/* Begin XCConfigurationList section */
		029D4A5624E3704D00F2597A /* Build configuration list for PBXProject "LoadingUITest" */ = {
			isa = XCConfigurationList;
			buildConfigurations = (
				029D4A6D24E3705200F2597A /* Debug */,
				029D4A6E24E3705200F2597A /* Release */,
			);
			defaultConfigurationIsVisible = 0;
			defaultConfigurationName = Release;
		};
		029D4A6F24E3705200F2597A /* Build configuration list for PBXNativeTarget "LoadingUITest" */ = {
			isa = XCConfigurationList;
			buildConfigurations = (
				029D4A7024E3705200F2597A /* Debug */,
				029D4A7124E3705200F2597A /* Release */,
			);
			defaultConfigurationIsVisible = 0;
			defaultConfigurationName = Release;
		};
/* End XCConfigurationList section */
	};
	rootObject = 029D4A5324E3704D00F2597A /* Project object */;
}
