// !$*UTF8*$!
{
	archiveVersion = 1;
	classes = {
	};
	objectVersion = 50;
	objects = {

/* Begin PBXBuildFile section */
		8052CFC8237CB5D600828833 /* AppDelegate.swift in Sources */ = {isa = PBXBuildFile; fileRef = 8052CFC7237CB5D600828833 /* AppDelegate.swift */; };
		8052CFCA237CB5D600828833 /* SceneDelegate.swift in Sources */ = {isa = PBXBuildFile; fileRef = 8052CFC9237CB5D600828833 /* SceneDelegate.swift */; };
		8052CFCC237CB5D600828833 /* ViewController.swift in Sources */ = {isa = PBXBuildFile; fileRef = 8052CFCB237CB5D600828833 /* ViewController.swift */; };
		8052CFCF237CB5D600828833 /* Main.storyboard in Resources */ = {isa = PBXBuildFile; fileRef = 8052CFCD237CB5D600828833 /* Main.storyboard */; };
		8052CFD1237CB5DA00828833 /* Assets.xcassets in Resources */ = {isa = PBXBuildFile; fileRef = 8052CFD0237CB5DA00828833 /* Assets.xcassets */; };
		8052CFD4237CB5DA00828833 /* LaunchScreen.storyboard in Resources */ = {isa = PBXBuildFile; fileRef = 8052CFD2237CB5DA00828833 /* LaunchScreen.storyboard */; };
/* End PBXBuildFile section */

/* Begin PBXContainerItemProxy section */
		8052D004237CB68400828833 /* PBXContainerItemProxy */ = {
			isa = PBXContainerItemProxy;
			containerPortal = 8052CFFF237CB68400828833 /* LoadingUI.xcodeproj */;
			proxyType = 2;
			remoteGlobalIDString = 8052CFE5237CB66900828833;
			remoteInfo = LoadingUI;
		};
		8052D006237CB68400828833 /* PBXContainerItemProxy */ = {
			isa = PBXContainerItemProxy;
			containerPortal = 8052CFFF237CB68400828833 /* LoadingUI.xcodeproj */;
			proxyType = 2;
			remoteGlobalIDString = 8052CFEE237CB66A00828833;
			remoteInfo = LoadingUITests;
		};
/* End PBXContainerItemProxy section */

/* Begin PBXFileReference section */
		8052CFC4237CB5D600828833 /* LoadingUIFrameworkDevelopment.app */ = {isa = PBXFileReference; explicitFileType = wrapper.application; includeInIndex = 0; path = LoadingUIFrameworkDevelopment.app; sourceTree = BUILT_PRODUCTS_DIR; };
		8052CFC7237CB5D600828833 /* AppDelegate.swift */ = {isa = PBXFileReference; lastKnownFileType = sourcecode.swift; path = AppDelegate.swift; sourceTree = "<group>"; };
		8052CFC9237CB5D600828833 /* SceneDelegate.swift */ = {isa = PBXFileReference; lastKnownFileType = sourcecode.swift; path = SceneDelegate.swift; sourceTree = "<group>"; };
		8052CFCB237CB5D600828833 /* ViewController.swift */ = {isa = PBXFileReference; lastKnownFileType = sourcecode.swift; path = ViewController.swift; sourceTree = "<group>"; };
		8052CFCE237CB5D600828833 /* Base */ = {isa = PBXFileReference; lastKnownFileType = file.storyboard; name = Base; path = Base.lproj/Main.storyboard; sourceTree = "<group>"; };
		8052CFD0237CB5DA00828833 /* Assets.xcassets */ = {isa = PBXFileReference; lastKnownFileType = folder.assetcatalog; path = Assets.xcassets; sourceTree = "<group>"; };
		8052CFD3237CB5DA00828833 /* Base */ = {isa = PBXFileReference; lastKnownFileType = file.storyboard; name = Base; path = Base.lproj/LaunchScreen.storyboard; sourceTree = "<group>"; };
		8052CFD5237CB5DA00828833 /* Info.plist */ = {isa = PBXFileReference; lastKnownFileType = text.plist.xml; path = Info.plist; sourceTree = "<group>"; };
		8052CFFF237CB68400828833 /* LoadingUI.xcodeproj */ = {isa = PBXFileReference; lastKnownFileType = "wrapper.pb-project"; name = LoadingUI.xcodeproj; path = ../../LoadingUI/LoadingUI.xcodeproj; sourceTree = "<group>"; };
/* End PBXFileReference section */

/* Begin PBXFrameworksBuildPhase section */
		8052CFC1237CB5D600828833 /* Frameworks */ = {
			isa = PBXFrameworksBuildPhase;
			buildActionMask = 2147483647;
			files = (
			);
			runOnlyForDeploymentPostprocessing = 0;
		};
/* End PBXFrameworksBuildPhase section */

/* Begin PBXGroup section */
		8052CFBB237CB5D600828833 = {
			isa = PBXGroup;
			children = (
				8052CFC6237CB5D600828833 /* LoadingUIFrameworkDevelopment */,
				8052CFC5237CB5D600828833 /* Products */,
			);
			sourceTree = "<group>";
		};
		8052CFC5237CB5D600828833 /* Products */ = {
			isa = PBXGroup;
			children = (
				8052CFC4237CB5D600828833 /* LoadingUIFrameworkDevelopment.app */,
			);
			name = Products;
			sourceTree = "<group>";
		};
		8052CFC6237CB5D600828833 /* LoadingUIFrameworkDevelopment */ = {
			isa = PBXGroup;
			children = (
				8052CFC7237CB5D600828833 /* AppDelegate.swift */,
				8052CFC9237CB5D600828833 /* SceneDelegate.swift */,
				8052CFCB237CB5D600828833 /* ViewController.swift */,
				8052CFCD237CB5D600828833 /* Main.storyboard */,
				8052CFD0237CB5DA00828833 /* Assets.xcassets */,
				8052CFD2237CB5DA00828833 /* LaunchScreen.storyboard */,
				8052CFD5237CB5DA00828833 /* Info.plist */,
				8052CFFF237CB68400828833 /* LoadingUI.xcodeproj */,
			);
			path = LoadingUIFrameworkDevelopment;
			sourceTree = "<group>";
		};
		8052D000237CB68400828833 /* Products */ = {
			isa = PBXGroup;
			children = (
				8052D005237CB68400828833 /* LoadingUI.framework */,
				8052D007237CB68400828833 /* LoadingUITests.xctest */,
			);
			name = Products;
			sourceTree = "<group>";
		};
/* End PBXGroup section */

/* Begin PBXNativeTarget section */
		8052CFC3237CB5D600828833 /* LoadingUIFrameworkDevelopment */ = {
			isa = PBXNativeTarget;
			buildConfigurationList = 8052CFD8237CB5DA00828833 /* Build configuration list for PBXNativeTarget "LoadingUIFrameworkDevelopment" */;
			buildPhases = (
				8052CFC0237CB5D600828833 /* Sources */,
				8052CFC1237CB5D600828833 /* Frameworks */,
				8052CFC2237CB5D600828833 /* Resources */,
			);
			buildRules = (
			);
			dependencies = (
			);
			name = LoadingUIFrameworkDevelopment;
			productName = LoadingUIFrameworkDevelopment;
			productReference = 8052CFC4237CB5D600828833 /* LoadingUIFrameworkDevelopment.app */;
			productType = "com.apple.product-type.application";
		};
/* End PBXNativeTarget section */

/* Begin PBXProject section */
		8052CFBC237CB5D600828833 /* Project object */ = {
			isa = PBXProject;
			attributes = {
				LastSwiftUpdateCheck = 1120;
				LastUpgradeCheck = 1120;
				ORGANIZATIONNAME = "Lambda School";
				TargetAttributes = {
					8052CFC3237CB5D600828833 = {
						CreatedOnToolsVersion = 11.2;
					};
				};
			};
			buildConfigurationList = 8052CFBF237CB5D600828833 /* Build configuration list for PBXProject "LoadingUIFrameworkDevelopment" */;
			compatibilityVersion = "Xcode 9.3";
			developmentRegion = en;
			hasScannedForEncodings = 0;
			knownRegions = (
				en,
				Base,
			);
			mainGroup = 8052CFBB237CB5D600828833;
			productRefGroup = 8052CFC5237CB5D600828833 /* Products */;
			projectDirPath = "";
			projectReferences = (
				{
					ProductGroup = 8052D000237CB68400828833 /* Products */;
					ProjectRef = 8052CFFF237CB68400828833 /* LoadingUI.xcodeproj */;
				},
			);
			projectRoot = "";
			targets = (
				8052CFC3237CB5D600828833 /* LoadingUIFrameworkDevelopment */,
			);
		};
/* End PBXProject section */

/* Begin PBXReferenceProxy section */
		8052D005237CB68400828833 /* LoadingUI.framework */ = {
			isa = PBXReferenceProxy;
			fileType = wrapper.framework;
			path = LoadingUI.framework;
			remoteRef = 8052D004237CB68400828833 /* PBXContainerItemProxy */;
			sourceTree = BUILT_PRODUCTS_DIR;
		};
		8052D007237CB68400828833 /* LoadingUITests.xctest */ = {
			isa = PBXReferenceProxy;
			fileType = wrapper.cfbundle;
			path = LoadingUITests.xctest;
			remoteRef = 8052D006237CB68400828833 /* PBXContainerItemProxy */;
			sourceTree = BUILT_PRODUCTS_DIR;
		};
/* End PBXReferenceProxy section */

/* Begin PBXResourcesBuildPhase section */
		8052CFC2237CB5D600828833 /* Resources */ = {
			isa = PBXResourcesBuildPhase;
			buildActionMask = 2147483647;
			files = (
				8052CFD4237CB5DA00828833 /* LaunchScreen.storyboard in Resources */,
				8052CFD1237CB5DA00828833 /* Assets.xcassets in Resources */,
				8052CFCF237CB5D600828833 /* Main.storyboard in Resources */,
			);
			runOnlyForDeploymentPostprocessing = 0;
		};
/* End PBXResourcesBuildPhase section */

/* Begin PBXSourcesBuildPhase section */
		8052CFC0237CB5D600828833 /* Sources */ = {
			isa = PBXSourcesBuildPhase;
			buildActionMask = 2147483647;
			files = (
				8052CFCC237CB5D600828833 /* ViewController.swift in Sources */,
				8052CFC8237CB5D600828833 /* AppDelegate.swift in Sources */,
				8052CFCA237CB5D600828833 /* SceneDelegate.swift in Sources */,
			);
			runOnlyForDeploymentPostprocessing = 0;
		};
/* End PBXSourcesBuildPhase section */

/* Begin PBXVariantGroup section */
		8052CFCD237CB5D600828833 /* Main.storyboard */ = {
			isa = PBXVariantGroup;
			children = (
				8052CFCE237CB5D600828833 /* Base */,
			);
			name = Main.storyboard;
			sourceTree = "<group>";
		};
		8052CFD2237CB5DA00828833 /* LaunchScreen.storyboard */ = {
			isa = PBXVariantGroup;
			children = (
				8052CFD3237CB5DA00828833 /* Base */,
			);
			name = LaunchScreen.storyboard;
			sourceTree = "<group>";
		};
/* End PBXVariantGroup section */

/* Begin XCBuildConfiguration section */
		8052CFD6237CB5DA00828833 /* Debug */ = {
			isa = XCBuildConfiguration;
			buildSettings = {
				ALWAYS_SEARCH_USER_PATHS = NO;
				CLANG_ANALYZER_NONNULL = YES;
				CLANG_ANALYZER_NUMBER_OBJECT_CONVERSION = YES_AGGRESSIVE;
				CLANG_CXX_LANGUAGE_STANDARD = "gnu++14";
				CLANG_CXX_LIBRARY = "libc++";
				CLANG_ENABLE_MODULES = YES;
				CLANG_ENABLE_OBJC_ARC = YES;
				CLANG_ENABLE_OBJC_WEAK = YES;
				CLANG_WARN_BLOCK_CAPTURE_AUTORELEASING = YES;
				CLANG_WARN_BOOL_CONVERSION = YES;
				CLANG_WARN_COMMA = YES;
				CLANG_WARN_CONSTANT_CONVERSION = YES;
				CLANG_WARN_DEPRECATED_OBJC_IMPLEMENTATIONS = YES;
				CLANG_WARN_DIRECT_OBJC_ISA_USAGE = YES_ERROR;
				CLANG_WARN_DOCUMENTATION_COMMENTS = YES;
				CLANG_WARN_EMPTY_BODY = YES;
				CLANG_WARN_ENUM_CONVERSION = YES;
				CLANG_WARN_INFINITE_RECURSION = YES;
				CLANG_WARN_INT_CONVERSION = YES;
				CLANG_WARN_NON_LITERAL_NULL_CONVERSION = YES;
				CLANG_WARN_OBJC_IMPLICIT_RETAIN_SELF = YES;
				CLANG_WARN_OBJC_LITERAL_CONVERSION = YES;
				CLANG_WARN_OBJC_ROOT_CLASS = YES_ERROR;
				CLANG_WARN_RANGE_LOOP_ANALYSIS = YES;
				CLANG_WARN_STRICT_PROTOTYPES = YES;
				CLANG_WARN_SUSPICIOUS_MOVE = YES;
				CLANG_WARN_UNGUARDED_AVAILABILITY = YES_AGGRESSIVE;
				CLANG_WARN_UNREACHABLE_CODE = YES;
				CLANG_WARN__DUPLICATE_METHOD_MATCH = YES;
				COPY_PHASE_STRIP = NO;
				DEBUG_INFORMATION_FORMAT = dwarf;
				ENABLE_STRICT_OBJC_MSGSEND = YES;
				ENABLE_TESTABILITY = YES;
				GCC_C_LANGUAGE_STANDARD = gnu11;
				GCC_DYNAMIC_NO_PIC = NO;
				GCC_NO_COMMON_BLOCKS = YES;
				GCC_OPTIMIZATION_LEVEL = 0;
				GCC_PREPROCESSOR_DEFINITIONS = (
					"DEBUG=1",
					"$(inherited)",
				);
				GCC_WARN_64_TO_32_BIT_CONVERSION = YES;
				GCC_WARN_ABOUT_RETURN_TYPE = YES_ERROR;
				GCC_WARN_UNDECLARED_SELECTOR = YES;
				GCC_WARN_UNINITIALIZED_AUTOS = YES_AGGRESSIVE;
				GCC_WARN_UNUSED_FUNCTION = YES;
				GCC_WARN_UNUSED_VARIABLE = YES;
				IPHONEOS_DEPLOYMENT_TARGET = 13.2;
				MTL_ENABLE_DEBUG_INFO = INCLUDE_SOURCE;
				MTL_FAST_MATH = YES;
				ONLY_ACTIVE_ARCH = YES;
				SDKROOT = iphoneos;
				SWIFT_ACTIVE_COMPILATION_CONDITIONS = DEBUG;
				SWIFT_OPTIMIZATION_LEVEL = "-Onone";
			};
			name = Debug;
		};
		8052CFD7237CB5DA00828833 /* Release */ = {
			isa = XCBuildConfiguration;
			buildSettings = {
				ALWAYS_SEARCH_USER_PATHS = NO;
				CLANG_ANALYZER_NONNULL = YES;
				CLANG_ANALYZER_NUMBER_OBJECT_CONVERSION = YES_AGGRESSIVE;
				CLANG_CXX_LANGUAGE_STANDARD = "gnu++14";
				CLANG_CXX_LIBRARY = "libc++";
				CLANG_ENABLE_MODULES = YES;
				CLANG_ENABLE_OBJC_ARC = YES;
				CLANG_ENABLE_OBJC_WEAK = YES;
				CLANG_WARN_BLOCK_CAPTURE_AUTORELEASING = YES;
				CLANG_WARN_BOOL_CONVERSION = YES;
				CLANG_WARN_COMMA = YES;
				CLANG_WARN_CONSTANT_CONVERSION = YES;
				CLANG_WARN_DEPRECATED_OBJC_IMPLEMENTATIONS = YES;
				CLANG_WARN_DIRECT_OBJC_ISA_USAGE = YES_ERROR;
				CLANG_WARN_DOCUMENTATION_COMMENTS = YES;
				CLANG_WARN_EMPTY_BODY = YES;
				CLANG_WARN_ENUM_CONVERSION = YES;
				CLANG_WARN_INFINITE_RECURSION = YES;
				CLANG_WARN_INT_CONVERSION = YES;
				CLANG_WARN_NON_LITERAL_NULL_CONVERSION = YES;
				CLANG_WARN_OBJC_IMPLICIT_RETAIN_SELF = YES;
				CLANG_WARN_OBJC_LITERAL_CONVERSION = YES;
				CLANG_WARN_OBJC_ROOT_CLASS = YES_ERROR;
				CLANG_WARN_RANGE_LOOP_ANALYSIS = YES;
				CLANG_WARN_STRICT_PROTOTYPES = YES;
				CLANG_WARN_SUSPICIOUS_MOVE = YES;
				CLANG_WARN_UNGUARDED_AVAILABILITY = YES_AGGRESSIVE;
				CLANG_WARN_UNREACHABLE_CODE = YES;
				CLANG_WARN__DUPLICATE_METHOD_MATCH = YES;
				COPY_PHASE_STRIP = NO;
				DEBUG_INFORMATION_FORMAT = "dwarf-with-dsym";
				ENABLE_NS_ASSERTIONS = NO;
				ENABLE_STRICT_OBJC_MSGSEND = YES;
				GCC_C_LANGUAGE_STANDARD = gnu11;
				GCC_NO_COMMON_BLOCKS = YES;
				GCC_WARN_64_TO_32_BIT_CONVERSION = YES;
				GCC_WARN_ABOUT_RETURN_TYPE = YES_ERROR;
				GCC_WARN_UNDECLARED_SELECTOR = YES;
				GCC_WARN_UNINITIALIZED_AUTOS = YES_AGGRESSIVE;
				GCC_WARN_UNUSED_FUNCTION = YES;
				GCC_WARN_UNUSED_VARIABLE = YES;
				IPHONEOS_DEPLOYMENT_TARGET = 13.2;
				MTL_ENABLE_DEBUG_INFO = NO;
				MTL_FAST_MATH = YES;
				SDKROOT = iphoneos;
				SWIFT_COMPILATION_MODE = wholemodule;
				SWIFT_OPTIMIZATION_LEVEL = "-O";
				VALIDATE_PRODUCT = YES;
			};
			name = Release;
		};
		8052CFD9237CB5DA00828833 /* Debug */ = {
			isa = XCBuildConfiguration;
			buildSettings = {
				ASSETCATALOG_COMPILER_APPICON_NAME = AppIcon;
				CODE_SIGN_STYLE = Automatic;
				INFOPLIST_FILE = LoadingUIFrameworkDevelopment/Info.plist;
				LD_RUNPATH_SEARCH_PATHS = (
					"$(inherited)",
					"@executable_path/Frameworks",
				);
				PRODUCT_BUNDLE_IDENTIFIER = com.lambdaschool.LoadingUIFrameworkDevelopment;
				PRODUCT_NAME = "$(TARGET_NAME)";
				SWIFT_VERSION = 5.0;
				TARGETED_DEVICE_FAMILY = "1,2";
			};
			name = Debug;
		};
		8052CFDA237CB5DA00828833 /* Release */ = {
			isa = XCBuildConfiguration;
			buildSettings = {
				ASSETCATALOG_COMPILER_APPICON_NAME = AppIcon;
				CODE_SIGN_STYLE = Automatic;
				INFOPLIST_FILE = LoadingUIFrameworkDevelopment/Info.plist;
				LD_RUNPATH_SEARCH_PATHS = (
					"$(inherited)",
					"@executable_path/Frameworks",
				);
				PRODUCT_BUNDLE_IDENTIFIER = com.lambdaschool.LoadingUIFrameworkDevelopment;
				PRODUCT_NAME = "$(TARGET_NAME)";
				SWIFT_VERSION = 5.0;
				TARGETED_DEVICE_FAMILY = "1,2";
			};
			name = Release;
		};
/* End XCBuildConfiguration section */

/* Begin XCConfigurationList section */
		8052CFBF237CB5D600828833 /* Build configuration list for PBXProject "LoadingUIFrameworkDevelopment" */ = {
			isa = XCConfigurationList;
			buildConfigurations = (
				8052CFD6237CB5DA00828833 /* Debug */,
				8052CFD7237CB5DA00828833 /* Release */,
			);
			defaultConfigurationIsVisible = 0;
			defaultConfigurationName = Release;
		};
		8052CFD8237CB5DA00828833 /* Build configuration list for PBXNativeTarget "LoadingUIFrameworkDevelopment" */ = {
			isa = XCConfigurationList;
			buildConfigurations = (
				8052CFD9237CB5DA00828833 /* Debug */,
				8052CFDA237CB5DA00828833 /* Release */,
			);
			defaultConfigurationIsVisible = 0;
			defaultConfigurationName = Release;
		};
/* End XCConfigurationList section */
	};
	rootObject = 8052CFBC237CB5D600828833 /* Project object */;
}
