// !$*UTF8*$!
{
	archiveVersion = 1;
	classes = {
	};
	objectVersion = 50;
	objects = {

/* Begin PBXBuildFile section */
		59F6819B237CA75D0050560E /* AppDelegate.swift in Sources */ = {isa = PBXBuildFile; fileRef = 59F6819A237CA75D0050560E /* AppDelegate.swift */; };
		59F6819D237CA75D0050560E /* SceneDelegate.swift in Sources */ = {isa = PBXBuildFile; fileRef = 59F6819C237CA75D0050560E /* SceneDelegate.swift */; };
		59F6819F237CA75D0050560E /* ViewController.swift in Sources */ = {isa = PBXBuildFile; fileRef = 59F6819E237CA75D0050560E /* ViewController.swift */; };
		59F681A2237CA75D0050560E /* Main.storyboard in Resources */ = {isa = PBXBuildFile; fileRef = 59F681A0237CA75D0050560E /* Main.storyboard */; };
		59F681A4237CA75E0050560E /* Assets.xcassets in Resources */ = {isa = PBXBuildFile; fileRef = 59F681A3237CA75E0050560E /* Assets.xcassets */; };
		59F681A7237CA75E0050560E /* LaunchScreen.storyboard in Resources */ = {isa = PBXBuildFile; fileRef = 59F681A5237CA75E0050560E /* LaunchScreen.storyboard */; };
		59F681B9237CABDD0050560E /* Loading.framework in Frameworks */ = {isa = PBXBuildFile; fileRef = 59F681B4237CA7750050560E /* Loading.framework */; };
		59F681BA237CABDD0050560E /* Loading.framework in Embed Frameworks */ = {isa = PBXBuildFile; fileRef = 59F681B4237CA7750050560E /* Loading.framework */; settings = {ATTRIBUTES = (CodeSignOnCopy, RemoveHeadersOnCopy, ); }; };
/* End PBXBuildFile section */

/* Begin PBXContainerItemProxy section */
		59F681B3237CA7750050560E /* PBXContainerItemProxy */ = {
			isa = PBXContainerItemProxy;
			containerPortal = 59F681AF237CA7750050560E /* Loading.xcodeproj */;
			proxyType = 2;
			remoteGlobalIDString = 59F68162237CA6990050560E;
			remoteInfo = Loading;
		};
/* End PBXContainerItemProxy section */

/* Begin PBXCopyFilesBuildPhase section */
		59F681BB237CABDD0050560E /* Embed Frameworks */ = {
			isa = PBXCopyFilesBuildPhase;
			buildActionMask = 2147483647;
			dstPath = "";
			dstSubfolderSpec = 10;
			files = (
				59F681BA237CABDD0050560E /* Loading.framework in Embed Frameworks */,
			);
			name = "Embed Frameworks";
			runOnlyForDeploymentPostprocessing = 0;
		};
/* End PBXCopyFilesBuildPhase section */

/* Begin PBXFileReference section */
		59F68197237CA75D0050560E /* LoadingApp.app */ = {isa = PBXFileReference; explicitFileType = wrapper.application; includeInIndex = 0; path = LoadingApp.app; sourceTree = BUILT_PRODUCTS_DIR; };
		59F6819A237CA75D0050560E /* AppDelegate.swift */ = {isa = PBXFileReference; lastKnownFileType = sourcecode.swift; path = AppDelegate.swift; sourceTree = "<group>"; };
		59F6819C237CA75D0050560E /* SceneDelegate.swift */ = {isa = PBXFileReference; lastKnownFileType = sourcecode.swift; path = SceneDelegate.swift; sourceTree = "<group>"; };
		59F6819E237CA75D0050560E /* ViewController.swift */ = {isa = PBXFileReference; lastKnownFileType = sourcecode.swift; path = ViewController.swift; sourceTree = "<group>"; };
		59F681A1237CA75D0050560E /* Base */ = {isa = PBXFileReference; lastKnownFileType = file.storyboard; name = Base; path = Base.lproj/Main.storyboard; sourceTree = "<group>"; };
		59F681A3237CA75E0050560E /* Assets.xcassets */ = {isa = PBXFileReference; lastKnownFileType = folder.assetcatalog; path = Assets.xcassets; sourceTree = "<group>"; };
		59F681A6237CA75E0050560E /* Base */ = {isa = PBXFileReference; lastKnownFileType = file.storyboard; name = Base; path = Base.lproj/LaunchScreen.storyboard; sourceTree = "<group>"; };
		59F681A8237CA75E0050560E /* Info.plist */ = {isa = PBXFileReference; lastKnownFileType = text.plist.xml; path = Info.plist; sourceTree = "<group>"; };
		59F681AF237CA7750050560E /* Loading.xcodeproj */ = {isa = PBXFileReference; lastKnownFileType = "wrapper.pb-project"; name = Loading.xcodeproj; path = ../Loading/Loading.xcodeproj; sourceTree = "<group>"; };
/* End PBXFileReference section */

/* Begin PBXFrameworksBuildPhase section */
		59F68194237CA75D0050560E /* Frameworks */ = {
			isa = PBXFrameworksBuildPhase;
			buildActionMask = 2147483647;
			files = (
				59F681B9237CABDD0050560E /* Loading.framework in Frameworks */,
			);
			runOnlyForDeploymentPostprocessing = 0;
		};
/* End PBXFrameworksBuildPhase section */

/* Begin PBXGroup section */
		59F6818E237CA75D0050560E = {
			isa = PBXGroup;
			children = (
				59F68199237CA75D0050560E /* LoadingApp */,
				59F68198237CA75D0050560E /* Products */,
				59F681AE237CA7640050560E /* Frameworks */,
			);
			sourceTree = "<group>";
		};
		59F68198237CA75D0050560E /* Products */ = {
			isa = PBXGroup;
			children = (
				59F68197237CA75D0050560E /* LoadingApp.app */,
			);
			name = Products;
			sourceTree = "<group>";
		};
		59F68199237CA75D0050560E /* LoadingApp */ = {
			isa = PBXGroup;
			children = (
				59F6819A237CA75D0050560E /* AppDelegate.swift */,
				59F6819C237CA75D0050560E /* SceneDelegate.swift */,
				59F6819E237CA75D0050560E /* ViewController.swift */,
				59F681A0237CA75D0050560E /* Main.storyboard */,
				59F681A3237CA75E0050560E /* Assets.xcassets */,
				59F681A5237CA75E0050560E /* LaunchScreen.storyboard */,
				59F681A8237CA75E0050560E /* Info.plist */,
			);
			path = LoadingApp;
			sourceTree = "<group>";
		};
		59F681AE237CA7640050560E /* Frameworks */ = {
			isa = PBXGroup;
			children = (
				59F681AF237CA7750050560E /* Loading.xcodeproj */,
			);
			name = Frameworks;
			sourceTree = "<group>";
		};
		59F681B0237CA7750050560E /* Products */ = {
			isa = PBXGroup;
			children = (
				59F681B4237CA7750050560E /* Loading.framework */,
			);
			name = Products;
			sourceTree = "<group>";
		};
/* End PBXGroup section */

/* Begin PBXNativeTarget section */
		59F68196237CA75D0050560E /* LoadingApp */ = {
			isa = PBXNativeTarget;
			buildConfigurationList = 59F681AB237CA75E0050560E /* Build configuration list for PBXNativeTarget "LoadingApp" */;
			buildPhases = (
				59F68193237CA75D0050560E /* Sources */,
				59F68194237CA75D0050560E /* Frameworks */,
				59F68195237CA75D0050560E /* Resources */,
				59F681BB237CABDD0050560E /* Embed Frameworks */,
			);
			buildRules = (
			);
			dependencies = (
			);
			name = LoadingApp;
			productName = LoadingApp;
			productReference = 59F68197237CA75D0050560E /* LoadingApp.app */;
			productType = "com.apple.product-type.application";
		};
/* End PBXNativeTarget section */

/* Begin PBXProject section */
		59F6818F237CA75D0050560E /* Project object */ = {
			isa = PBXProject;
			attributes = {
				LastSwiftUpdateCheck = 1120;
				LastUpgradeCheck = 1120;
				ORGANIZATIONNAME = "Lambda School";
				TargetAttributes = {
					59F68196237CA75D0050560E = {
						CreatedOnToolsVersion = 11.2;
					};
				};
			};
			buildConfigurationList = 59F68192237CA75D0050560E /* Build configuration list for PBXProject "LoadingApp" */;
			compatibilityVersion = "Xcode 9.3";
			developmentRegion = en;
			hasScannedForEncodings = 0;
			knownRegions = (
				en,
				Base,
			);
			mainGroup = 59F6818E237CA75D0050560E;
			productRefGroup = 59F68198237CA75D0050560E /* Products */;
			projectDirPath = "";
			projectReferences = (
				{
					ProductGroup = 59F681B0237CA7750050560E /* Products */;
					ProjectRef = 59F681AF237CA7750050560E /* Loading.xcodeproj */;
				},
			);
			projectRoot = "";
			targets = (
				59F68196237CA75D0050560E /* LoadingApp */,
			);
		};
/* End PBXProject section */

/* Begin PBXReferenceProxy section */
		59F681B4237CA7750050560E /* Loading.framework */ = {
			isa = PBXReferenceProxy;
			fileType = wrapper.framework;
			path = Loading.framework;
			remoteRef = 59F681B3237CA7750050560E /* PBXContainerItemProxy */;
			sourceTree = BUILT_PRODUCTS_DIR;
		};
/* End PBXReferenceProxy section */

/* Begin PBXResourcesBuildPhase section */
		59F68195237CA75D0050560E /* Resources */ = {
			isa = PBXResourcesBuildPhase;
			buildActionMask = 2147483647;
			files = (
				59F681A7237CA75E0050560E /* LaunchScreen.storyboard in Resources */,
				59F681A4237CA75E0050560E /* Assets.xcassets in Resources */,
				59F681A2237CA75D0050560E /* Main.storyboard in Resources */,
			);
			runOnlyForDeploymentPostprocessing = 0;
		};
/* End PBXResourcesBuildPhase section */

/* Begin PBXSourcesBuildPhase section */
		59F68193237CA75D0050560E /* Sources */ = {
			isa = PBXSourcesBuildPhase;
			buildActionMask = 2147483647;
			files = (
				59F6819F237CA75D0050560E /* ViewController.swift in Sources */,
				59F6819B237CA75D0050560E /* AppDelegate.swift in Sources */,
				59F6819D237CA75D0050560E /* SceneDelegate.swift in Sources */,
			);
			runOnlyForDeploymentPostprocessing = 0;
		};
/* End PBXSourcesBuildPhase section */

/* Begin PBXVariantGroup section */
		59F681A0237CA75D0050560E /* Main.storyboard */ = {
			isa = PBXVariantGroup;
			children = (
				59F681A1237CA75D0050560E /* Base */,
			);
			name = Main.storyboard;
			sourceTree = "<group>";
		};
		59F681A5237CA75E0050560E /* LaunchScreen.storyboard */ = {
			isa = PBXVariantGroup;
			children = (
				59F681A6237CA75E0050560E /* Base */,
			);
			name = LaunchScreen.storyboard;
			sourceTree = "<group>";
		};
/* End PBXVariantGroup section */

/* Begin XCBuildConfiguration section */
		59F681A9237CA75E0050560E /* Debug */ = {
			isa = XCBuildConfiguration;
			buildSettings = {
				ALWAYS_SEARCH_USER_PATHS = NO;
				CLANG_ANALYZER_NONNULL = YES;
				CLANG_ANALYZER_NUMBER_OBJECT_CONVERSION = YES_AGGRESSIVE;
				CLANG_CXX_LANGUAGE_STANDARD = "gnu++14";
				CLANG_CXX_LIBRARY = "libc++";
				CLANG_ENABLE_MODULES = YES;
				CLANG_ENABLE_OBJC_ARC = YES;
				CLANG_ENABLE_OBJC_WEAK = YES;
				CLANG_WARN_BLOCK_CAPTURE_AUTORELEASING = YES;
				CLANG_WARN_BOOL_CONVERSION = YES;
				CLANG_WARN_COMMA = YES;
				CLANG_WARN_CONSTANT_CONVERSION = YES;
				CLANG_WARN_DEPRECATED_OBJC_IMPLEMENTATIONS = YES;
				CLANG_WARN_DIRECT_OBJC_ISA_USAGE = YES_ERROR;
				CLANG_WARN_DOCUMENTATION_COMMENTS = YES;
				CLANG_WARN_EMPTY_BODY = YES;
				CLANG_WARN_ENUM_CONVERSION = YES;
				CLANG_WARN_INFINITE_RECURSION = YES;
				CLANG_WARN_INT_CONVERSION = YES;
				CLANG_WARN_NON_LITERAL_NULL_CONVERSION = YES;
				CLANG_WARN_OBJC_IMPLICIT_RETAIN_SELF = YES;
				CLANG_WARN_OBJC_LITERAL_CONVERSION = YES;
				CLANG_WARN_OBJC_ROOT_CLASS = YES_ERROR;
				CLANG_WARN_RANGE_LOOP_ANALYSIS = YES;
				CLANG_WARN_STRICT_PROTOTYPES = YES;
				CLANG_WARN_SUSPICIOUS_MOVE = YES;
				CLANG_WARN_UNGUARDED_AVAILABILITY = YES_AGGRESSIVE;
				CLANG_WARN_UNREACHABLE_CODE = YES;
				CLANG_WARN__DUPLICATE_METHOD_MATCH = YES;
				COPY_PHASE_STRIP = NO;
				DEBUG_INFORMATION_FORMAT = dwarf;
				ENABLE_STRICT_OBJC_MSGSEND = YES;
				ENABLE_TESTABILITY = YES;
				GCC_C_LANGUAGE_STANDARD = gnu11;
				GCC_DYNAMIC_NO_PIC = NO;
				GCC_NO_COMMON_BLOCKS = YES;
				GCC_OPTIMIZATION_LEVEL = 0;
				GCC_PREPROCESSOR_DEFINITIONS = (
					"DEBUG=1",
					"$(inherited)",
				);
				GCC_WARN_64_TO_32_BIT_CONVERSION = YES;
				GCC_WARN_ABOUT_RETURN_TYPE = YES_ERROR;
				GCC_WARN_UNDECLARED_SELECTOR = YES;
				GCC_WARN_UNINITIALIZED_AUTOS = YES_AGGRESSIVE;
				GCC_WARN_UNUSED_FUNCTION = YES;
				GCC_WARN_UNUSED_VARIABLE = YES;
				IPHONEOS_DEPLOYMENT_TARGET = 13.2;
				MTL_ENABLE_DEBUG_INFO = INCLUDE_SOURCE;
				MTL_FAST_MATH = YES;
				ONLY_ACTIVE_ARCH = YES;
				SDKROOT = iphoneos;
				SWIFT_ACTIVE_COMPILATION_CONDITIONS = DEBUG;
				SWIFT_OPTIMIZATION_LEVEL = "-Onone";
			};
			name = Debug;
		};
		59F681AA237CA75E0050560E /* Release */ = {
			isa = XCBuildConfiguration;
			buildSettings = {
				ALWAYS_SEARCH_USER_PATHS = NO;
				CLANG_ANALYZER_NONNULL = YES;
				CLANG_ANALYZER_NUMBER_OBJECT_CONVERSION = YES_AGGRESSIVE;
				CLANG_CXX_LANGUAGE_STANDARD = "gnu++14";
				CLANG_CXX_LIBRARY = "libc++";
				CLANG_ENABLE_MODULES = YES;
				CLANG_ENABLE_OBJC_ARC = YES;
				CLANG_ENABLE_OBJC_WEAK = YES;
				CLANG_WARN_BLOCK_CAPTURE_AUTORELEASING = YES;
				CLANG_WARN_BOOL_CONVERSION = YES;
				CLANG_WARN_COMMA = YES;
				CLANG_WARN_CONSTANT_CONVERSION = YES;
				CLANG_WARN_DEPRECATED_OBJC_IMPLEMENTATIONS = YES;
				CLANG_WARN_DIRECT_OBJC_ISA_USAGE = YES_ERROR;
				CLANG_WARN_DOCUMENTATION_COMMENTS = YES;
				CLANG_WARN_EMPTY_BODY = YES;
				CLANG_WARN_ENUM_CONVERSION = YES;
				CLANG_WARN_INFINITE_RECURSION = YES;
				CLANG_WARN_INT_CONVERSION = YES;
				CLANG_WARN_NON_LITERAL_NULL_CONVERSION = YES;
				CLANG_WARN_OBJC_IMPLICIT_RETAIN_SELF = YES;
				CLANG_WARN_OBJC_LITERAL_CONVERSION = YES;
				CLANG_WARN_OBJC_ROOT_CLASS = YES_ERROR;
				CLANG_WARN_RANGE_LOOP_ANALYSIS = YES;
				CLANG_WARN_STRICT_PROTOTYPES = YES;
				CLANG_WARN_SUSPICIOUS_MOVE = YES;
				CLANG_WARN_UNGUARDED_AVAILABILITY = YES_AGGRESSIVE;
				CLANG_WARN_UNREACHABLE_CODE = YES;
				CLANG_WARN__DUPLICATE_METHOD_MATCH = YES;
				COPY_PHASE_STRIP = NO;
				DEBUG_INFORMATION_FORMAT = "dwarf-with-dsym";
				ENABLE_NS_ASSERTIONS = NO;
				ENABLE_STRICT_OBJC_MSGSEND = YES;
				GCC_C_LANGUAGE_STANDARD = gnu11;
				GCC_NO_COMMON_BLOCKS = YES;
				GCC_WARN_64_TO_32_BIT_CONVERSION = YES;
				GCC_WARN_ABOUT_RETURN_TYPE = YES_ERROR;
				GCC_WARN_UNDECLARED_SELECTOR = YES;
				GCC_WARN_UNINITIALIZED_AUTOS = YES_AGGRESSIVE;
				GCC_WARN_UNUSED_FUNCTION = YES;
				GCC_WARN_UNUSED_VARIABLE = YES;
				IPHONEOS_DEPLOYMENT_TARGET = 13.2;
				MTL_ENABLE_DEBUG_INFO = NO;
				MTL_FAST_MATH = YES;
				SDKROOT = iphoneos;
				SWIFT_COMPILATION_MODE = wholemodule;
				SWIFT_OPTIMIZATION_LEVEL = "-O";
				VALIDATE_PRODUCT = YES;
			};
			name = Release;
		};
		59F681AC237CA75E0050560E /* Debug */ = {
			isa = XCBuildConfiguration;
			buildSettings = {
				ASSETCATALOG_COMPILER_APPICON_NAME = AppIcon;
				CODE_SIGN_STYLE = Automatic;
				INFOPLIST_FILE = LoadingApp/Info.plist;
				LD_RUNPATH_SEARCH_PATHS = (
					"$(inherited)",
					"@executable_path/Frameworks",
				);
				PRODUCT_BUNDLE_IDENTIFIER = com.lambdaschool.LoadingApp;
				PRODUCT_NAME = "$(TARGET_NAME)";
				SWIFT_VERSION = 5.0;
				TARGETED_DEVICE_FAMILY = "1,2";
			};
			name = Debug;
		};
		59F681AD237CA75E0050560E /* Release */ = {
			isa = XCBuildConfiguration;
			buildSettings = {
				ASSETCATALOG_COMPILER_APPICON_NAME = AppIcon;
				CODE_SIGN_STYLE = Automatic;
				INFOPLIST_FILE = LoadingApp/Info.plist;
				LD_RUNPATH_SEARCH_PATHS = (
					"$(inherited)",
					"@executable_path/Frameworks",
				);
				PRODUCT_BUNDLE_IDENTIFIER = com.lambdaschool.LoadingApp;
				PRODUCT_NAME = "$(TARGET_NAME)";
				SWIFT_VERSION = 5.0;
				TARGETED_DEVICE_FAMILY = "1,2";
			};
			name = Release;
		};
/* End XCBuildConfiguration section */

/* Begin XCConfigurationList section */
		59F68192237CA75D0050560E /* Build configuration list for PBXProject "LoadingApp" */ = {
			isa = XCConfigurationList;
			buildConfigurations = (
				59F681A9237CA75E0050560E /* Debug */,
				59F681AA237CA75E0050560E /* Release */,
			);
			defaultConfigurationIsVisible = 0;
			defaultConfigurationName = Release;
		};
		59F681AB237CA75E0050560E /* Build configuration list for PBXNativeTarget "LoadingApp" */ = {
			isa = XCConfigurationList;
			buildConfigurations = (
				59F681AC237CA75E0050560E /* Debug */,
				59F681AD237CA75E0050560E /* Release */,
			);
			defaultConfigurationIsVisible = 0;
			defaultConfigurationName = Release;
		};
/* End XCConfigurationList section */
	};
	rootObject = 59F6818F237CA75D0050560E /* Project object */;
}
